
Microsoft Visual Studio Solution File, Format Version 12.00
# Visual Studio Version 17
VisualStudioVersion = 17.0.31903.59
MinimumVisualStudioVersion = 10.0.40219.1
Project("{2150E333-8FDC-42A3-9474-1A3956D46DE8}") = "src", "src", "{D0C490EE-0ACE-45C9-B592-342BB7F79A7C}"
EndProject
Project("{FAE04EC0-301F-11D3-BF4B-00C04F79EFBC}") = "KrakenDeploy.Server", "src\KrakenDeploy.Server\KrakenDeploy.Server.csproj", "{8C241820-C88A-41AF-A420-3261786FBB8F}"
EndProject
Project("{FAE04EC0-301F-11D3-BF4B-00C04F79EFBC}") = "KrakenDeploy.Server.Core", "src\KrakenDeploy.Server.Core\KrakenDeploy.Server.Core.csproj", "{441B5D77-7F84-4A41-B965-C4CD8514F7AA}"
EndProject
Project("{FAE04EC0-301F-11D3-BF4B-00C04F79EFBC}") = "KrakenDeploy.Server.Data", "src\KrakenDeploy.Server.Data\KrakenDeploy.Server.Data.csproj", "{6A1E0414-7823-4897-BFB6-2548854E5F93}"
EndProject
Project("{FAE04EC0-301F-11D3-BF4B-00C04F79EFBC}") = "KrakenDeploy.Server.Transport", "src\KrakenDeploy.Server.Transport\KrakenDeploy.Server.Transport.csproj", "{9159953B-7CE9-4389-9E12-AEF47390E743}"
EndProject
Project("{FAE04EC0-301F-11D3-BF4B-00C04F79EFBC}") = "KrakenDeploy.Agent", "src\KrakenDeploy.Agent\KrakenDeploy.Agent.csproj", "{E6B00C8F-5A28-4664-B8F7-631BB7A971D0}"
EndProject
Project("{FAE04EC0-301F-11D3-BF4B-00C04F79EFBC}") = "KrakenDeploy.Agent.Transport", "src\KrakenDeploy.Agent.Transport\KrakenDeploy.Agent.Transport.csproj", "{47D23986-D30F-4133-8158-9035E9756150}"
EndProject
Project("{FAE04EC0-301F-11D3-BF4B-00C04F79EFBC}") = "KrakenDeploy.Contracts", "src\KrakenDeploy.Contracts\KrakenDeploy.Contracts.csproj", "{B8171F2F-9EB3-4B6D-9103-560E733C71EC}"
EndProject
Project("{FAE04EC0-301F-11D3-BF4B-00C04F79EFBC}") = "KrakenDeploy.Cli", "src\KrakenDeploy.Cli\KrakenDeploy.Cli.csproj", "{A1B2C3D4-E5F6-7890-ABCD-EF1234567890}"
EndProject
Project("{2150E333-8FDC-42A3-9474-1A3956D46DE8}") = "tests", "tests", "{70566D49-9AF4-40FA-A1B1-6AF8A81B21E1}"
EndProject
Project("{FAE04EC0-301F-11D3-BF4B-00C04F79EFBC}") = "KrakenDeploy.Server.Core.Tests", "tests\KrakenDeploy.Server.Core.Tests\KrakenDeploy.Server.Core.Tests.csproj", "{CBE79B89-A199-4A9C-A2FF-8DEAC7288F0A}"
EndProject
Project("{FAE04EC0-301F-11D3-BF4B-00C04F79EFBC}") = "KrakenDeploy.Server.Data.Tests", "tests\KrakenDeploy.Server.Data.Tests\KrakenDeploy.Server.Data.Tests.csproj", "{9EAEF31B-2A93-4B36-A19C-E9E311ECB072}"
EndProject
Project("{FAE04EC0-301F-11D3-BF4B-00C04F79EFBC}") = "KrakenDeploy.Agent.Tests", "tests\KrakenDeploy.Agent.Tests\KrakenDeploy.Agent.Tests.csproj", "{EDCC6243-9884-40F9-B1EB-B3906FFAC058}"
EndProject
Project("{FAE04EC0-301F-11D3-BF4B-00C04F79EFBC}") = "KrakenDeploy.Cli.Tests", "tests\KrakenDeploy.Cli.Tests\KrakenDeploy.Cli.Tests.csproj", "{F1E2D3C4-B5A6-9078-DCBA-FE0987654321}"
EndProject
Project("{2150E333-8FDC-42A3-9474-1A3956D46DE8}") = "steps", "steps", "{8AC72884-D6CE-9C06-F2FC-60C61972EEB5}"
EndProject
Project("{FAE04EC0-301F-11D3-BF4B-00C04F79EFBC}") = "KrakenDeploy.Steps.Manual", "steps\KrakenDeploy.Steps.Manual\KrakenDeploy.Steps.Manual.csproj", "{874FE61C-526D-4B8F-A5B7-736FA9408CB6}"
EndProject
Project("{FAE04EC0-301F-11D3-BF4B-00C04F79EFBC}") = "KrakenDeploy.Steps.Manual.Tests", "tests\KrakenDeploy.Steps.Manual.Tests\KrakenDeploy.Steps.Manual.Tests.csproj", "{18815A29-6A10-4ADE-AE43-228C4CB33D29}"
EndProject
Project("{FAE04EC0-301F-11D3-BF4B-00C04F79EFBC}") = "KrakenDeploy.Steps.SubstituteVariables", "steps\KrakenDeploy.Steps.SubstituteVariables\KrakenDeploy.Steps.SubstituteVariables.csproj", "{8D665B76-187E-4A99-93B6-414529566C54}"
EndProject
Project("{FAE04EC0-301F-11D3-BF4B-00C04F79EFBC}") = "KrakenDeploy.Steps.SubstituteVariables.Tests", "tests\KrakenDeploy.Steps.SubstituteVariables.Tests\KrakenDeploy.Steps.SubstituteVariables.Tests.csproj", "{5EC2BE91-8C2C-4D1F-BF17-BAC591119FEE}"
EndProject
Project("{FAE04EC0-301F-11D3-BF4B-00C04F79EFBC}") = "KrakenDeploy.Steps.JsonConfigurationVariables", "steps\KrakenDeploy.Steps.JsonConfigurationVariables\KrakenDeploy.Steps.JsonConfigurationVariables.csproj", "{6AAFAA8E-B702-43D9-9A74-1084BA64F3A4}"
EndProject
Project("{FAE04EC0-301F-11D3-BF4B-00C04F79EFBC}") = "KrakenDeploy.Steps.JsonConfigurationVariables.Tests", "tests\KrakenDeploy.Steps.JsonConfigurationVariables.Tests\KrakenDeploy.Steps.JsonConfigurationVariables.Tests.csproj", "{56AFD09F-2042-485F-9869-5465E7F69E46}"
EndProject
Project("{FAE04EC0-301F-11D3-BF4B-00C04F79EFBC}") = "KrakenDeploy.Steps.Script", "steps\KrakenDeploy.Steps.Script\KrakenDeploy.Steps.Script.csproj", "{82C62EA7-402C-4CFA-A1A6-243F8804D8F6}"
EndProject
Project("{FAE04EC0-301F-11D3-BF4B-00C04F79EFBC}") = "KrakenDeploy.Steps.Script.Tests", "tests\KrakenDeploy.Steps.Script.Tests\KrakenDeploy.Steps.Script.Tests.csproj", "{233DF4A5-1A38-43E0-AD1A-A82414B89D32}"
EndProject
Project("{FAE04EC0-301F-11D3-BF4B-00C04F79EFBC}") = "KrakenDeploy.Steps.OctopusTentaclePackage", "steps\KrakenDeploy.Steps.OctopusTentaclePackage\KrakenDeploy.Steps.OctopusTentaclePackage.csproj", "{BB9DB0FE-5372-4D15-8F1C-90318BD9384B}"
EndProject
Project("{FAE04EC0-301F-11D3-BF4B-00C04F79EFBC}") = "KrakenDeploy.Steps.OctopusTentaclePackage.Tests", "tests\KrakenDeploy.Steps.OctopusTentaclePackage.Tests\KrakenDeploy.Steps.OctopusTentaclePackage.Tests.csproj", "{7F7EA8C8-1B1D-416E-B648-C2E188CB91C7}"
EndProject
Project("{FAE04EC0-301F-11D3-BF4B-00C04F79EFBC}") = "KrakenDeploy.Steps.Common", "steps\KrakenDeploy.Steps.Common\KrakenDeploy.Steps.Common.csproj", "{1E44BEEC-5715-442F-AC8A-62A709FA5AA6}"
EndProject
Project("{FAE04EC0-301F-11D3-BF4B-00C04F79EFBC}") = "KrakenDeploy.Steps.KrakenIis", "steps\KrakenDeploy.Steps.KrakenIis\KrakenDeploy.Steps.KrakenIis.csproj", "{06AA2865-E1D4-4511-8C72-D3E8420E12EA}"
EndProject
Project("{FAE04EC0-301F-11D3-BF4B-00C04F79EFBC}") = "KrakenDeploy.Steps.OctopusWindowsService", "steps\KrakenDeploy.Steps.OctopusWindowsService\KrakenDeploy.Steps.OctopusWindowsService.csproj", "{B1AD857D-23FE-4BE2-86D9-7907D9227FCD}"
EndProject
Project("{FAE04EC0-301F-11D3-BF4B-00C04F79EFBC}") = "KrakenDeploy.Steps.KrakenIis.Tests", "tests\KrakenDeploy.Steps.KrakenIis.Tests\KrakenDeploy.Steps.KrakenIis.Tests.csproj", "{C0358ABD-4BE5-40E8-8B6F-4B6D558A173B}"
EndProject
Project("{FAE04EC0-301F-11D3-BF4B-00C04F79EFBC}") = "KrakenDeploy.Steps.OctopusWindowsService.Tests", "tests\KrakenDeploy.Steps.OctopusWindowsService.Tests\KrakenDeploy.Steps.OctopusWindowsService.Tests.csproj", "{54F3AA55-12EE-44CB-BECD-3EBF317B5529}"
EndProject
Project("{2150E333-8FDC-42A3-9474-1A3956D46DE8}") = "templates", "templates", "{808186BE-9BD0-DD1D-D574-36EEAD1E7F8F}"
EndProject
Project("{FAE04EC0-301F-11D3-BF4B-00C04F79EFBC}") = "KrakenDeploy.Templates", "templates\KrakenDeploy.Templates\KrakenDeploy.Templates.csproj", "{696E8393-621B-4F92-A722-5D13F30FB222}"
EndProject
Project("{2150E333-8FDC-42A3-9474-1A3956D46DE8}") = "examples", "examples", "{B36A84DF-456D-A817-6EDD-3EC3E7F6E11F}"
EndProject
Project("{FAE04EC0-301F-11D3-BF4B-00C04F79EFBC}") = "AwsS3UploadStepPackage", "examples\AwsS3UploadStepPackage\AwsS3UploadStepPackage.csproj", "{74F0C00C-0CA0-4CD3-8EBD-2D37EF878990}"
EndProject
Project("{FAE04EC0-301F-11D3-BF4B-00C04F79EFBC}") = "AwsS3UploadStepPackage.Tests", "tests\AwsS3UploadStepPackage.Tests\AwsS3UploadStepPackage.Tests.csproj", "{D1BABE54-050D-4554-ACDB-40183634213B}"
EndProject
Project("{FAE04EC0-301F-11D3-BF4B-00C04F79EFBC}") = "KrakenDeploy.Ai", "src\KrakenDeploy.Ai\KrakenDeploy.Ai.csproj", "{4B7314DC-9B0A-4343-8CE2-6A8733FEF41F}"
EndProject
Project("{FAE04EC0-301F-11D3-BF4B-00C04F79EFBC}") = "KrakenDeploy.Ai.Tests", "tests\KrakenDeploy.Ai.Tests\KrakenDeploy.Ai.Tests.csproj", "{F8EC29CD-0766-498D-AB44-1C8B6C96AB0A}"
EndProject
Project("{FAE04EC0-301F-11D3-BF4B-00C04F79EFBC}") = "KrakenDeploy.Server.Tests", "tests\KrakenDeploy.Server.Tests\KrakenDeploy.Server.Tests.csproj", "{E6C8B05A-7C53-4185-9893-4EBB921022CC}"
EndProject
Project("{FAE04EC0-301F-11D3-BF4B-00C04F79EFBC}") = "KrakenDeploy.Mcp", "src\KrakenDeploy.Mcp\KrakenDeploy.Mcp.csproj", "{78C506F7-F289-49B4-8191-B258E393B61B}"
EndProject
Project("{FAE04EC0-301F-11D3-BF4B-00C04F79EFBC}") = "KrakenDeploy.Mcp.Cli", "src\KrakenDeploy.Mcp.Cli\KrakenDeploy.Mcp.Cli.csproj", "{6669E857-3E45-43F1-BAB0-162018D4C2FA}"
EndProject
Project("{FAE04EC0-301F-11D3-BF4B-00C04F79EFBC}") = "KrakenDeploy.Execution", "src\KrakenDeploy.Execution\KrakenDeploy.Execution.csproj", "{8A1A3AE5-B7F9-4ED4-A12B-0A7ADF27184C}"
EndProject
Project("{FAE04EC0-301F-11D3-BF4B-00C04F79EFBC}") = "KrakenDeploy.ControlPlane", "src\KrakenDeploy.ControlPlane\KrakenDeploy.ControlPlane.csproj", "{4378F071-0948-4FB6-A6DC-E7A4F41C5CDB}"
EndProject
Project("{FAE04EC0-301F-11D3-BF4B-00C04F79EFBC}") = "KrakenDeploy.Router", "src\KrakenDeploy.Router\KrakenDeploy.Router.csproj", "{F5E9B74E-7C3D-45DD-9B11-E7993F63F15D}"
EndProject
Project("{FAE04EC0-301F-11D3-BF4B-00C04F79EFBC}") = "KrakenDeploy.Router.Tests", "tests\KrakenDeploy.Router.Tests\KrakenDeploy.Router.Tests.csproj", "{602A3D2A-18AD-4F38-8D00-F78D997010FE}"
EndProject
Project("{FAE04EC0-301F-11D3-BF4B-00C04F79EFBC}") = "KrakenDeploy.Steps.HealthCheck", "steps\KrakenDeploy.Steps.HealthCheck\KrakenDeploy.Steps.HealthCheck.csproj", "{5EE946B5-877F-437D-9B54-A4188215A75C}"
EndProject
Project("{FAE04EC0-301F-11D3-BF4B-00C04F79EFBC}") = "KrakenDeploy.Steps.HealthCheck.Tests", "tests\KrakenDeploy.Steps.HealthCheck.Tests\KrakenDeploy.Steps.HealthCheck.Tests.csproj", "{E2B0F489-96CE-4666-8DAB-075D0C945E65}"
EndProject
Project("{FAE04EC0-301F-11D3-BF4B-00C04F79EFBC}") = "KrakenDeploy.Steps.TransferPackage", "steps\KrakenDeploy.Steps.TransferPackage\KrakenDeploy.Steps.TransferPackage.csproj", "{F50F0BE6-D3AB-49E1-8A4C-FA31F0B2238E}"
EndProject
Project("{FAE04EC0-301F-11D3-BF4B-00C04F79EFBC}") = "KrakenDeploy.Steps.TransferPackage.Tests", "tests\KrakenDeploy.Steps.TransferPackage.Tests\KrakenDeploy.Steps.TransferPackage.Tests.csproj", "{691F5339-873D-4B8E-B57F-E9DFC5B65F95}"
EndProject
Project("{FAE04EC0-301F-11D3-BF4B-00C04F79EFBC}") = "KrakenDeploy.Steps.Docker", "steps\KrakenDeploy.Steps.Docker\KrakenDeploy.Steps.Docker.csproj", "{C7D0963A-F40B-47F4-A30D-183DC797EACE}"
EndProject
Project("{FAE04EC0-301F-11D3-BF4B-00C04F79EFBC}") = "KrakenDeploy.Steps.Docker.Tests", "tests\KrakenDeploy.Steps.Docker.Tests\KrakenDeploy.Steps.Docker.Tests.csproj", "{DA56BDAF-96BE-495C-AAA8-9EFB8D462442}"
EndProject
Project("{FAE04EC0-301F-11D3-BF4B-00C04F79EFBC}") = "KrakenDeploy.Steps.Kubernetes", "steps\KrakenDeploy.Steps.Kubernetes\KrakenDeploy.Steps.Kubernetes.csproj", "{CC4DE0CF-93BC-4CEF-8432-606B158FC5EE}"
EndProject
Project("{FAE04EC0-301F-11D3-BF4B-00C04F79EFBC}") = "KrakenDeploy.Steps.Kubernetes.Tests", "tests\KrakenDeploy.Steps.Kubernetes.Tests\KrakenDeploy.Steps.Kubernetes.Tests.csproj", "{B3C32B2B-D54F-40D3-81A6-63F828ED8BDA}"
EndProject
Project("{FAE04EC0-301F-11D3-BF4B-00C04F79EFBC}") = "KrakenDeploy.Steps.Aws", "steps\KrakenDeploy.Steps.Aws\KrakenDeploy.Steps.Aws.csproj", "{B4E0C6BE-7A30-48B6-91D5-F1524CBC2D67}"
EndProject
Project("{FAE04EC0-301F-11D3-BF4B-00C04F79EFBC}") = "KrakenDeploy.Steps.Aws.Tests", "tests\KrakenDeploy.Steps.Aws.Tests\KrakenDeploy.Steps.Aws.Tests.csproj", "{2DD63288-BCD3-440E-B198-AFD769B5D80D}"
EndProject
Project("{FAE04EC0-301F-11D3-BF4B-00C04F79EFBC}") = "KrakenDeploy.Steps.Azure", "steps\KrakenDeploy.Steps.Azure\KrakenDeploy.Steps.Azure.csproj", "{E2FF3D1B-7512-4C34-A672-58DEB494C8C2}"
EndProject
Project("{FAE04EC0-301F-11D3-BF4B-00C04F79EFBC}") = "KrakenDeploy.Steps.Azure.Tests", "tests\KrakenDeploy.Steps.Azure.Tests\KrakenDeploy.Steps.Azure.Tests.csproj", "{589C9588-2BFC-499B-86A6-326D306F1283}"
EndProject
Project("{FAE04EC0-301F-11D3-BF4B-00C04F79EFBC}") = "KrakenDeploy.Steps.Java", "steps\KrakenDeploy.Steps.Java\KrakenDeploy.Steps.Java.csproj", "{B7C1C59B-1746-4F8F-81FF-8C20434BE311}"
EndProject
Project("{FAE04EC0-301F-11D3-BF4B-00C04F79EFBC}") = "KrakenDeploy.Steps.Java.Tests", "tests\KrakenDeploy.Steps.Java.Tests\KrakenDeploy.Steps.Java.Tests.csproj", "{9904B6D8-C2A4-4871-8272-9B6B41C16B89}"
EndProject
Project("{FAE04EC0-301F-11D3-BF4B-00C04F79EFBC}") = "KrakenDeploy.Steps.Terraform", "steps\KrakenDeploy.Steps.Terraform\KrakenDeploy.Steps.Terraform.csproj", "{ACA5F0B3-E812-4415-A7C1-7561D706E4C6}"
EndProject
Project("{FAE04EC0-301F-11D3-BF4B-00C04F79EFBC}") = "KrakenDeploy.Steps.Terraform.Tests", "tests\KrakenDeploy.Steps.Terraform.Tests\KrakenDeploy.Steps.Terraform.Tests.csproj", "{FD1A0522-4562-412F-8B79-82205E427E7B}"
EndProject
Project("{FAE04EC0-301F-11D3-BF4B-00C04F79EFBC}") = "KrakenDeploy.Steps.Misc", "steps\KrakenDeploy.Steps.Misc\KrakenDeploy.Steps.Misc.csproj", "{E0FDCF61-E269-43A2-8311-BB0D2846D907}"
EndProject
Project("{FAE04EC0-301F-11D3-BF4B-00C04F79EFBC}") = "KrakenDeploy.Steps.Misc.Tests", "tests\KrakenDeploy.Steps.Misc.Tests\KrakenDeploy.Steps.Misc.Tests.csproj", "{F891FF7D-FC01-41A1-8CDC-50F9E6A22FA4}"
EndProject
Project("{FAE04EC0-301F-11D3-BF4B-00C04F79EFBC}") = "KrakenDeploy.Steps.PackageRunner", "steps\KrakenDeploy.Steps.PackageRunner\KrakenDeploy.Steps.PackageRunner.csproj", "{221F46CE-0EE6-4CC8-A299-4C9ABBEBA2AC}"
EndProject
Project("{FAE04EC0-301F-11D3-BF4B-00C04F79EFBC}") = "KrakenDeploy.Steps.PackageRunner.Tests", "tests\KrakenDeploy.Steps.PackageRunner.Tests\KrakenDeploy.Steps.PackageRunner.Tests.csproj", "{7736E946-ED58-40BF-A182-C7E0EB9CB2A4}"
EndProject
Project("{FAE04EC0-301F-11D3-BF4B-00C04F79EFBC}") = "KrakenDeploy.Platform", "src\KrakenDeploy.Platform\KrakenDeploy.Platform.csproj", "{65C0C7DB-3143-4708-B5E4-0E3F5B9CC65C}"
EndProject
Global
	GlobalSection(SolutionConfigurationPlatforms) = preSolution
		Debug|Any CPU = Debug|Any CPU
		Debug|x64 = Debug|x64
		Debug|x86 = Debug|x86
		Release|Any CPU = Release|Any CPU
		Release|x64 = Release|x64
		Release|x86 = Release|x86
	EndGlobalSection
	GlobalSection(ProjectConfigurationPlatforms) = postSolution
		{8C241820-C88A-41AF-A420-3261786FBB8F}.Debug|Any CPU.ActiveCfg = Debug|Any CPU
		{8C241820-C88A-41AF-A420-3261786FBB8F}.Debug|Any CPU.Build.0 = Debug|Any CPU
		{8C241820-C88A-41AF-A420-3261786FBB8F}.Debug|x64.ActiveCfg = Debug|Any CPU
		{8C241820-C88A-41AF-A420-3261786FBB8F}.Debug|x64.Build.0 = Debug|Any CPU
		{8C241820-C88A-41AF-A420-3261786FBB8F}.Debug|x86.ActiveCfg = Debug|Any CPU
		{8C241820-C88A-41AF-A420-3261786FBB8F}.Debug|x86.Build.0 = Debug|Any CPU
		{8C241820-C88A-41AF-A420-3261786FBB8F}.Release|Any CPU.ActiveCfg = Release|Any CPU
		{8C241820-C88A-41AF-A420-3261786FBB8F}.Release|Any CPU.Build.0 = Release|Any CPU
		{8C241820-C88A-41AF-A420-3261786FBB8F}.Release|x64.ActiveCfg = Release|Any CPU
		{8C241820-C88A-41AF-A420-3261786FBB8F}.Release|x64.Build.0 = Release|Any CPU
		{8C241820-C88A-41AF-A420-3261786FBB8F}.Release|x86.ActiveCfg = Release|Any CPU
		{8C241820-C88A-41AF-A420-3261786FBB8F}.Release|x86.Build.0 = Release|Any CPU
		{441B5D77-7F84-4A41-B965-C4CD8514F7AA}.Debug|Any CPU.ActiveCfg = Debug|Any CPU
		{441B5D77-7F84-4A41-B965-C4CD8514F7AA}.Debug|Any CPU.Build.0 = Debug|Any CPU
		{441B5D77-7F84-4A41-B965-C4CD8514F7AA}.Debug|x64.ActiveCfg = Debug|Any CPU
		{441B5D77-7F84-4A41-B965-C4CD8514F7AA}.Debug|x64.Build.0 = Debug|Any CPU
		{441B5D77-7F84-4A41-B965-C4CD8514F7AA}.Debug|x86.ActiveCfg = Debug|Any CPU
		{441B5D77-7F84-4A41-B965-C4CD8514F7AA}.Debug|x86.Build.0 = Debug|Any CPU
		{441B5D77-7F84-4A41-B965-C4CD8514F7AA}.Release|Any CPU.ActiveCfg = Release|Any CPU
		{441B5D77-7F84-4A41-B965-C4CD8514F7AA}.Release|Any CPU.Build.0 = Release|Any CPU
		{441B5D77-7F84-4A41-B965-C4CD8514F7AA}.Release|x64.ActiveCfg = Release|Any CPU
		{441B5D77-7F84-4A41-B965-C4CD8514F7AA}.Release|x64.Build.0 = Release|Any CPU
		{441B5D77-7F84-4A41-B965-C4CD8514F7AA}.Release|x86.ActiveCfg = Release|Any CPU
		{441B5D77-7F84-4A41-B965-C4CD8514F7AA}.Release|x86.Build.0 = Release|Any CPU
		{6A1E0414-7823-4897-BFB6-2548854E5F93}.Debug|Any CPU.ActiveCfg = Debug|Any CPU
		{6A1E0414-7823-4897-BFB6-2548854E5F93}.Debug|Any CPU.Build.0 = Debug|Any CPU
		{6A1E0414-7823-4897-BFB6-2548854E5F93}.Debug|x64.ActiveCfg = Debug|Any CPU
		{6A1E0414-7823-4897-BFB6-2548854E5F93}.Debug|x64.Build.0 = Debug|Any CPU
		{6A1E0414-7823-4897-BFB6-2548854E5F93}.Debug|x86.ActiveCfg = Debug|Any CPU
		{6A1E0414-7823-4897-BFB6-2548854E5F93}.Debug|x86.Build.0 = Debug|Any CPU
		{6A1E0414-7823-4897-BFB6-2548854E5F93}.Release|Any CPU.ActiveCfg = Release|Any CPU
		{6A1E0414-7823-4897-BFB6-2548854E5F93}.Release|Any CPU.Build.0 = Release|Any CPU
		{6A1E0414-7823-4897-BFB6-2548854E5F93}.Release|x64.ActiveCfg = Release|Any CPU
		{6A1E0414-7823-4897-BFB6-2548854E5F93}.Release|x64.Build.0 = Release|Any CPU
		{6A1E0414-7823-4897-BFB6-2548854E5F93}.Release|x86.ActiveCfg = Release|Any CPU
		{6A1E0414-7823-4897-BFB6-2548854E5F93}.Release|x86.Build.0 = Release|Any CPU
		{9159953B-7CE9-4389-9E12-AEF47390E743}.Debug|Any CPU.ActiveCfg = Debug|Any CPU
		{9159953B-7CE9-4389-9E12-AEF47390E743}.Debug|Any CPU.Build.0 = Debug|Any CPU
		{9159953B-7CE9-4389-9E12-AEF47390E743}.Debug|x64.ActiveCfg = Debug|Any CPU
		{9159953B-7CE9-4389-9E12-AEF47390E743}.Debug|x64.Build.0 = Debug|Any CPU
		{9159953B-7CE9-4389-9E12-AEF47390E743}.Debug|x86.ActiveCfg = Debug|Any CPU
		{9159953B-7CE9-4389-9E12-AEF47390E743}.Debug|x86.Build.0 = Debug|Any CPU
		{9159953B-7CE9-4389-9E12-AEF47390E743}.Release|Any CPU.ActiveCfg = Release|Any CPU
		{9159953B-7CE9-4389-9E12-AEF47390E743}.Release|Any CPU.Build.0 = Release|Any CPU
		{9159953B-7CE9-4389-9E12-AEF47390E743}.Release|x64.ActiveCfg = Release|Any CPU
		{9159953B-7CE9-4389-9E12-AEF47390E743}.Release|x64.Build.0 = Release|Any CPU
		{9159953B-7CE9-4389-9E12-AEF47390E743}.Release|x86.ActiveCfg = Release|Any CPU
		{9159953B-7CE9-4389-9E12-AEF47390E743}.Release|x86.Build.0 = Release|Any CPU
		{E6B00C8F-5A28-4664-B8F7-631BB7A971D0}.Debug|Any CPU.ActiveCfg = Debug|Any CPU
		{E6B00C8F-5A28-4664-B8F7-631BB7A971D0}.Debug|Any CPU.Build.0 = Debug|Any CPU
		{E6B00C8F-5A28-4664-B8F7-631BB7A971D0}.Debug|x64.ActiveCfg = Debug|Any CPU
		{E6B00C8F-5A28-4664-B8F7-631BB7A971D0}.Debug|x64.Build.0 = Debug|Any CPU
		{E6B00C8F-5A28-4664-B8F7-631BB7A971D0}.Debug|x86.ActiveCfg = Debug|Any CPU
		{E6B00C8F-5A28-4664-B8F7-631BB7A971D0}.Debug|x86.Build.0 = Debug|Any CPU
		{E6B00C8F-5A28-4664-B8F7-631BB7A971D0}.Release|Any CPU.ActiveCfg = Release|Any CPU
		{E6B00C8F-5A28-4664-B8F7-631BB7A971D0}.Release|Any CPU.Build.0 = Release|Any CPU
		{E6B00C8F-5A28-4664-B8F7-631BB7A971D0}.Release|x64.ActiveCfg = Release|Any CPU
		{E6B00C8F-5A28-4664-B8F7-631BB7A971D0}.Release|x64.Build.0 = Release|Any CPU
		{E6B00C8F-5A28-4664-B8F7-631BB7A971D0}.Release|x86.ActiveCfg = Release|Any CPU
		{E6B00C8F-5A28-4664-B8F7-631BB7A971D0}.Release|x86.Build.0 = Release|Any CPU
		{47D23986-D30F-4133-8158-9035E9756150}.Debug|Any CPU.ActiveCfg = Debug|Any CPU
		{47D23986-D30F-4133-8158-9035E9756150}.Debug|Any CPU.Build.0 = Debug|Any CPU
		{47D23986-D30F-4133-8158-9035E9756150}.Debug|x64.ActiveCfg = Debug|Any CPU
		{47D23986-D30F-4133-8158-9035E9756150}.Debug|x64.Build.0 = Debug|Any CPU
		{47D23986-D30F-4133-8158-9035E9756150}.Debug|x86.ActiveCfg = Debug|Any CPU
		{47D23986-D30F-4133-8158-9035E9756150}.Debug|x86.Build.0 = Debug|Any CPU
		{47D23986-D30F-4133-8158-9035E9756150}.Release|Any CPU.ActiveCfg = Release|Any CPU
		{47D23986-D30F-4133-8158-9035E9756150}.Release|Any CPU.Build.0 = Release|Any CPU
		{47D23986-D30F-4133-8158-9035E9756150}.Release|x64.ActiveCfg = Release|Any CPU
		{47D23986-D30F-4133-8158-9035E9756150}.Release|x64.Build.0 = Release|Any CPU
		{47D23986-D30F-4133-8158-9035E9756150}.Release|x86.ActiveCfg = Release|Any CPU
		{47D23986-D30F-4133-8158-9035E9756150}.Release|x86.Build.0 = Release|Any CPU
		{B8171F2F-9EB3-4B6D-9103-560E733C71EC}.Debug|Any CPU.ActiveCfg = Debug|Any CPU
		{B8171F2F-9EB3-4B6D-9103-560E733C71EC}.Debug|Any CPU.Build.0 = Debug|Any CPU
		{B8171F2F-9EB3-4B6D-9103-560E733C71EC}.Debug|x64.ActiveCfg = Debug|Any CPU
		{B8171F2F-9EB3-4B6D-9103-560E733C71EC}.Debug|x64.Build.0 = Debug|Any CPU
		{B8171F2F-9EB3-4B6D-9103-560E733C71EC}.Debug|x86.ActiveCfg = Debug|Any CPU
		{B8171F2F-9EB3-4B6D-9103-560E733C71EC}.Debug|x86.Build.0 = Debug|Any CPU
		{B8171F2F-9EB3-4B6D-9103-560E733C71EC}.Release|Any CPU.ActiveCfg = Release|Any CPU
		{B8171F2F-9EB3-4B6D-9103-560E733C71EC}.Release|Any CPU.Build.0 = Release|Any CPU
		{B8171F2F-9EB3-4B6D-9103-560E733C71EC}.Release|x64.ActiveCfg = Release|Any CPU
		{B8171F2F-9EB3-4B6D-9103-560E733C71EC}.Release|x64.Build.0 = Release|Any CPU
		{B8171F2F-9EB3-4B6D-9103-560E733C71EC}.Release|x86.ActiveCfg = Release|Any CPU
		{B8171F2F-9EB3-4B6D-9103-560E733C71EC}.Release|x86.Build.0 = Release|Any CPU
		{A1B2C3D4-E5F6-7890-ABCD-EF1234567890}.Debug|Any CPU.ActiveCfg = Debug|Any CPU
		{A1B2C3D4-E5F6-7890-ABCD-EF1234567890}.Debug|Any CPU.Build.0 = Debug|Any CPU
		{A1B2C3D4-E5F6-7890-ABCD-EF1234567890}.Debug|x64.ActiveCfg = Debug|Any CPU
		{A1B2C3D4-E5F6-7890-ABCD-EF1234567890}.Debug|x64.Build.0 = Debug|Any CPU
		{A1B2C3D4-E5F6-7890-ABCD-EF1234567890}.Debug|x86.ActiveCfg = Debug|Any CPU
		{A1B2C3D4-E5F6-7890-ABCD-EF1234567890}.Debug|x86.Build.0 = Debug|Any CPU
		{A1B2C3D4-E5F6-7890-ABCD-EF1234567890}.Release|Any CPU.ActiveCfg = Release|Any CPU
		{A1B2C3D4-E5F6-7890-ABCD-EF1234567890}.Release|Any CPU.Build.0 = Release|Any CPU
		{A1B2C3D4-E5F6-7890-ABCD-EF1234567890}.Release|x64.ActiveCfg = Release|Any CPU
		{A1B2C3D4-E5F6-7890-ABCD-EF1234567890}.Release|x64.Build.0 = Release|Any CPU
		{A1B2C3D4-E5F6-7890-ABCD-EF1234567890}.Release|x86.ActiveCfg = Release|Any CPU
		{A1B2C3D4-E5F6-7890-ABCD-EF1234567890}.Release|x86.Build.0 = Release|Any CPU
		{CBE79B89-A199-4A9C-A2FF-8DEAC7288F0A}.Debug|Any CPU.ActiveCfg = Debug|Any CPU
		{CBE79B89-A199-4A9C-A2FF-8DEAC7288F0A}.Debug|Any CPU.Build.0 = Debug|Any CPU
		{CBE79B89-A199-4A9C-A2FF-8DEAC7288F0A}.Debug|x64.ActiveCfg = Debug|Any CPU
		{CBE79B89-A199-4A9C-A2FF-8DEAC7288F0A}.Debug|x64.Build.0 = Debug|Any CPU
		{CBE79B89-A199-4A9C-A2FF-8DEAC7288F0A}.Debug|x86.ActiveCfg = Debug|Any CPU
		{CBE79B89-A199-4A9C-A2FF-8DEAC7288F0A}.Debug|x86.Build.0 = Debug|Any CPU
		{CBE79B89-A199-4A9C-A2FF-8DEAC7288F0A}.Release|Any CPU.ActiveCfg = Release|Any CPU
		{CBE79B89-A199-4A9C-A2FF-8DEAC7288F0A}.Release|Any CPU.Build.0 = Release|Any CPU
		{CBE79B89-A199-4A9C-A2FF-8DEAC7288F0A}.Release|x64.ActiveCfg = Release|Any CPU
		{CBE79B89-A199-4A9C-A2FF-8DEAC7288F0A}.Release|x64.Build.0 = Release|Any CPU
		{CBE79B89-A199-4A9C-A2FF-8DEAC7288F0A}.Release|x86.ActiveCfg = Release|Any CPU
		{CBE79B89-A199-4A9C-A2FF-8DEAC7288F0A}.Release|x86.Build.0 = Release|Any CPU
		{9EAEF31B-2A93-4B36-A19C-E9E311ECB072}.Debug|Any CPU.ActiveCfg = Debug|Any CPU
		{9EAEF31B-2A93-4B36-A19C-E9E311ECB072}.Debug|Any CPU.Build.0 = Debug|Any CPU
		{9EAEF31B-2A93-4B36-A19C-E9E311ECB072}.Debug|x64.ActiveCfg = Debug|Any CPU
		{9EAEF31B-2A93-4B36-A19C-E9E311ECB072}.Debug|x64.Build.0 = Debug|Any CPU
		{9EAEF31B-2A93-4B36-A19C-E9E311ECB072}.Debug|x86.ActiveCfg = Debug|Any CPU
		{9EAEF31B-2A93-4B36-A19C-E9E311ECB072}.Debug|x86.Build.0 = Debug|Any CPU
		{9EAEF31B-2A93-4B36-A19C-E9E311ECB072}.Release|Any CPU.ActiveCfg = Release|Any CPU
		{9EAEF31B-2A93-4B36-A19C-E9E311ECB072}.Release|Any CPU.Build.0 = Release|Any CPU
		{9EAEF31B-2A93-4B36-A19C-E9E311ECB072}.Release|x64.ActiveCfg = Release|Any CPU
		{9EAEF31B-2A93-4B36-A19C-E9E311ECB072}.Release|x64.Build.0 = Release|Any CPU
		{9EAEF31B-2A93-4B36-A19C-E9E311ECB072}.Release|x86.ActiveCfg = Release|Any CPU
		{9EAEF31B-2A93-4B36-A19C-E9E311ECB072}.Release|x86.Build.0 = Release|Any CPU
		{EDCC6243-9884-40F9-B1EB-B3906FFAC058}.Debug|Any CPU.ActiveCfg = Debug|Any CPU
		{EDCC6243-9884-40F9-B1EB-B3906FFAC058}.Debug|Any CPU.Build.0 = Debug|Any CPU
		{EDCC6243-9884-40F9-B1EB-B3906FFAC058}.Debug|x64.ActiveCfg = Debug|Any CPU
		{EDCC6243-9884-40F9-B1EB-B3906FFAC058}.Debug|x64.Build.0 = Debug|Any CPU
		{EDCC6243-9884-40F9-B1EB-B3906FFAC058}.Debug|x86.ActiveCfg = Debug|Any CPU
		{EDCC6243-9884-40F9-B1EB-B3906FFAC058}.Debug|x86.Build.0 = Debug|Any CPU
		{EDCC6243-9884-40F9-B1EB-B3906FFAC058}.Release|Any CPU.ActiveCfg = Release|Any CPU
		{EDCC6243-9884-40F9-B1EB-B3906FFAC058}.Release|Any CPU.Build.0 = Release|Any CPU
		{EDCC6243-9884-40F9-B1EB-B3906FFAC058}.Release|x64.ActiveCfg = Release|Any CPU
		{EDCC6243-9884-40F9-B1EB-B3906FFAC058}.Release|x64.Build.0 = Release|Any CPU
		{EDCC6243-9884-40F9-B1EB-B3906FFAC058}.Release|x86.ActiveCfg = Release|Any CPU
		{EDCC6243-9884-40F9-B1EB-B3906FFAC058}.Release|x86.Build.0 = Release|Any CPU
		{F1E2D3C4-B5A6-9078-DCBA-FE0987654321}.Debug|Any CPU.ActiveCfg = Debug|Any CPU
		{F1E2D3C4-B5A6-9078-DCBA-FE0987654321}.Debug|Any CPU.Build.0 = Debug|Any CPU
		{F1E2D3C4-B5A6-9078-DCBA-FE0987654321}.Debug|x64.ActiveCfg = Debug|Any CPU
		{F1E2D3C4-B5A6-9078-DCBA-FE0987654321}.Debug|x64.Build.0 = Debug|Any CPU
		{F1E2D3C4-B5A6-9078-DCBA-FE0987654321}.Debug|x86.ActiveCfg = Debug|Any CPU
		{F1E2D3C4-B5A6-9078-DCBA-FE0987654321}.Debug|x86.Build.0 = Debug|Any CPU
		{F1E2D3C4-B5A6-9078-DCBA-FE0987654321}.Release|Any CPU.ActiveCfg = Release|Any CPU
		{F1E2D3C4-B5A6-9078-DCBA-FE0987654321}.Release|Any CPU.Build.0 = Release|Any CPU
		{F1E2D3C4-B5A6-9078-DCBA-FE0987654321}.Release|x64.ActiveCfg = Release|Any CPU
		{F1E2D3C4-B5A6-9078-DCBA-FE0987654321}.Release|x64.Build.0 = Release|Any CPU
		{F1E2D3C4-B5A6-9078-DCBA-FE0987654321}.Release|x86.ActiveCfg = Release|Any CPU
		{F1E2D3C4-B5A6-9078-DCBA-FE0987654321}.Release|x86.Build.0 = Release|Any CPU
		{874FE61C-526D-4B8F-A5B7-736FA9408CB6}.Debug|Any CPU.ActiveCfg = Debug|Any CPU
		{874FE61C-526D-4B8F-A5B7-736FA9408CB6}.Debug|Any CPU.Build.0 = Debug|Any CPU
		{874FE61C-526D-4B8F-A5B7-736FA9408CB6}.Debug|x64.ActiveCfg = Debug|Any CPU
		{874FE61C-526D-4B8F-A5B7-736FA9408CB6}.Debug|x64.Build.0 = Debug|Any CPU
		{874FE61C-526D-4B8F-A5B7-736FA9408CB6}.Debug|x86.ActiveCfg = Debug|Any CPU
		{874FE61C-526D-4B8F-A5B7-736FA9408CB6}.Debug|x86.Build.0 = Debug|Any CPU
		{874FE61C-526D-4B8F-A5B7-736FA9408CB6}.Release|Any CPU.ActiveCfg = Release|Any CPU
		{874FE61C-526D-4B8F-A5B7-736FA9408CB6}.Release|Any CPU.Build.0 = Release|Any CPU
		{874FE61C-526D-4B8F-A5B7-736FA9408CB6}.Release|x64.ActiveCfg = Release|Any CPU
		{874FE61C-526D-4B8F-A5B7-736FA9408CB6}.Release|x64.Build.0 = Release|Any CPU
		{874FE61C-526D-4B8F-A5B7-736FA9408CB6}.Release|x86.ActiveCfg = Release|Any CPU
		{874FE61C-526D-4B8F-A5B7-736FA9408CB6}.Release|x86.Build.0 = Release|Any CPU
		{18815A29-6A10-4ADE-AE43-228C4CB33D29}.Debug|Any CPU.ActiveCfg = Debug|Any CPU
		{18815A29-6A10-4ADE-AE43-228C4CB33D29}.Debug|Any CPU.Build.0 = Debug|Any CPU
		{18815A29-6A10-4ADE-AE43-228C4CB33D29}.Debug|x64.ActiveCfg = Debug|Any CPU
		{18815A29-6A10-4ADE-AE43-228C4CB33D29}.Debug|x64.Build.0 = Debug|Any CPU
		{18815A29-6A10-4ADE-AE43-228C4CB33D29}.Debug|x86.ActiveCfg = Debug|Any CPU
		{18815A29-6A10-4ADE-AE43-228C4CB33D29}.Debug|x86.Build.0 = Debug|Any CPU
		{18815A29-6A10-4ADE-AE43-228C4CB33D29}.Release|Any CPU.ActiveCfg = Release|Any CPU
		{18815A29-6A10-4ADE-AE43-228C4CB33D29}.Release|Any CPU.Build.0 = Release|Any CPU
		{18815A29-6A10-4ADE-AE43-228C4CB33D29}.Release|x64.ActiveCfg = Release|Any CPU
		{18815A29-6A10-4ADE-AE43-228C4CB33D29}.Release|x64.Build.0 = Release|Any CPU
		{18815A29-6A10-4ADE-AE43-228C4CB33D29}.Release|x86.ActiveCfg = Release|Any CPU
		{18815A29-6A10-4ADE-AE43-228C4CB33D29}.Release|x86.Build.0 = Release|Any CPU
		{8D665B76-187E-4A99-93B6-414529566C54}.Debug|Any CPU.ActiveCfg = Debug|Any CPU
		{8D665B76-187E-4A99-93B6-414529566C54}.Debug|Any CPU.Build.0 = Debug|Any CPU
		{8D665B76-187E-4A99-93B6-414529566C54}.Debug|x64.ActiveCfg = Debug|Any CPU
		{8D665B76-187E-4A99-93B6-414529566C54}.Debug|x64.Build.0 = Debug|Any CPU
		{8D665B76-187E-4A99-93B6-414529566C54}.Debug|x86.ActiveCfg = Debug|Any CPU
		{8D665B76-187E-4A99-93B6-414529566C54}.Debug|x86.Build.0 = Debug|Any CPU
		{8D665B76-187E-4A99-93B6-414529566C54}.Release|Any CPU.ActiveCfg = Release|Any CPU
		{8D665B76-187E-4A99-93B6-414529566C54}.Release|Any CPU.Build.0 = Release|Any CPU
		{8D665B76-187E-4A99-93B6-414529566C54}.Release|x64.ActiveCfg = Release|Any CPU
		{8D665B76-187E-4A99-93B6-414529566C54}.Release|x64.Build.0 = Release|Any CPU
		{8D665B76-187E-4A99-93B6-414529566C54}.Release|x86.ActiveCfg = Release|Any CPU
		{8D665B76-187E-4A99-93B6-414529566C54}.Release|x86.Build.0 = Release|Any CPU
		{5EC2BE91-8C2C-4D1F-BF17-BAC591119FEE}.Debug|Any CPU.ActiveCfg = Debug|Any CPU
		{5EC2BE91-8C2C-4D1F-BF17-BAC591119FEE}.Debug|Any CPU.Build.0 = Debug|Any CPU
		{5EC2BE91-8C2C-4D1F-BF17-BAC591119FEE}.Debug|x64.ActiveCfg = Debug|Any CPU
		{5EC2BE91-8C2C-4D1F-BF17-BAC591119FEE}.Debug|x64.Build.0 = Debug|Any CPU
		{5EC2BE91-8C2C-4D1F-BF17-BAC591119FEE}.Debug|x86.ActiveCfg = Debug|Any CPU
		{5EC2BE91-8C2C-4D1F-BF17-BAC591119FEE}.Debug|x86.Build.0 = Debug|Any CPU
		{5EC2BE91-8C2C-4D1F-BF17-BAC591119FEE}.Release|Any CPU.ActiveCfg = Release|Any CPU
		{5EC2BE91-8C2C-4D1F-BF17-BAC591119FEE}.Release|Any CPU.Build.0 = Release|Any CPU
		{5EC2BE91-8C2C-4D1F-BF17-BAC591119FEE}.Release|x64.ActiveCfg = Release|Any CPU
		{5EC2BE91-8C2C-4D1F-BF17-BAC591119FEE}.Release|x64.Build.0 = Release|Any CPU
		{5EC2BE91-8C2C-4D1F-BF17-BAC591119FEE}.Release|x86.ActiveCfg = Release|Any CPU
		{5EC2BE91-8C2C-4D1F-BF17-BAC591119FEE}.Release|x86.Build.0 = Release|Any CPU
		{6AAFAA8E-B702-43D9-9A74-1084BA64F3A4}.Debug|Any CPU.ActiveCfg = Debug|Any CPU
		{6AAFAA8E-B702-43D9-9A74-1084BA64F3A4}.Debug|Any CPU.Build.0 = Debug|Any CPU
		{6AAFAA8E-B702-43D9-9A74-1084BA64F3A4}.Debug|x64.ActiveCfg = Debug|Any CPU
		{6AAFAA8E-B702-43D9-9A74-1084BA64F3A4}.Debug|x64.Build.0 = Debug|Any CPU
		{6AAFAA8E-B702-43D9-9A74-1084BA64F3A4}.Debug|x86.ActiveCfg = Debug|Any CPU
		{6AAFAA8E-B702-43D9-9A74-1084BA64F3A4}.Debug|x86.Build.0 = Debug|Any CPU
		{6AAFAA8E-B702-43D9-9A74-1084BA64F3A4}.Release|Any CPU.ActiveCfg = Release|Any CPU
		{6AAFAA8E-B702-43D9-9A74-1084BA64F3A4}.Release|Any CPU.Build.0 = Release|Any CPU
		{6AAFAA8E-B702-43D9-9A74-1084BA64F3A4}.Release|x64.ActiveCfg = Release|Any CPU
		{6AAFAA8E-B702-43D9-9A74-1084BA64F3A4}.Release|x64.Build.0 = Release|Any CPU
		{6AAFAA8E-B702-43D9-9A74-1084BA64F3A4}.Release|x86.ActiveCfg = Release|Any CPU
		{6AAFAA8E-B702-43D9-9A74-1084BA64F3A4}.Release|x86.Build.0 = Release|Any CPU
		{56AFD09F-2042-485F-9869-5465E7F69E46}.Debug|Any CPU.ActiveCfg = Debug|Any CPU
		{56AFD09F-2042-485F-9869-5465E7F69E46}.Debug|Any CPU.Build.0 = Debug|Any CPU
		{56AFD09F-2042-485F-9869-5465E7F69E46}.Debug|x64.ActiveCfg = Debug|Any CPU
		{56AFD09F-2042-485F-9869-5465E7F69E46}.Debug|x64.Build.0 = Debug|Any CPU
		{56AFD09F-2042-485F-9869-5465E7F69E46}.Debug|x86.ActiveCfg = Debug|Any CPU
		{56AFD09F-2042-485F-9869-5465E7F69E46}.Debug|x86.Build.0 = Debug|Any CPU
		{56AFD09F-2042-485F-9869-5465E7F69E46}.Release|Any CPU.ActiveCfg = Release|Any CPU
		{56AFD09F-2042-485F-9869-5465E7F69E46}.Release|Any CPU.Build.0 = Release|Any CPU
		{56AFD09F-2042-485F-9869-5465E7F69E46}.Release|x64.ActiveCfg = Release|Any CPU
		{56AFD09F-2042-485F-9869-5465E7F69E46}.Release|x64.Build.0 = Release|Any CPU
		{56AFD09F-2042-485F-9869-5465E7F69E46}.Release|x86.ActiveCfg = Release|Any CPU
		{56AFD09F-2042-485F-9869-5465E7F69E46}.Release|x86.Build.0 = Release|Any CPU
		{82C62EA7-402C-4CFA-A1A6-243F8804D8F6}.Debug|Any CPU.ActiveCfg = Debug|Any CPU
		{82C62EA7-402C-4CFA-A1A6-243F8804D8F6}.Debug|Any CPU.Build.0 = Debug|Any CPU
		{82C62EA7-402C-4CFA-A1A6-243F8804D8F6}.Debug|x64.ActiveCfg = Debug|Any CPU
		{82C62EA7-402C-4CFA-A1A6-243F8804D8F6}.Debug|x64.Build.0 = Debug|Any CPU
		{82C62EA7-402C-4CFA-A1A6-243F8804D8F6}.Debug|x86.ActiveCfg = Debug|Any CPU
		{82C62EA7-402C-4CFA-A1A6-243F8804D8F6}.Debug|x86.Build.0 = Debug|Any CPU
		{82C62EA7-402C-4CFA-A1A6-243F8804D8F6}.Release|Any CPU.ActiveCfg = Release|Any CPU
		{82C62EA7-402C-4CFA-A1A6-243F8804D8F6}.Release|Any CPU.Build.0 = Release|Any CPU
		{82C62EA7-402C-4CFA-A1A6-243F8804D8F6}.Release|x64.ActiveCfg = Release|Any CPU
		{82C62EA7-402C-4CFA-A1A6-243F8804D8F6}.Release|x64.Build.0 = Release|Any CPU
		{82C62EA7-402C-4CFA-A1A6-243F8804D8F6}.Release|x86.ActiveCfg = Release|Any CPU
		{82C62EA7-402C-4CFA-A1A6-243F8804D8F6}.Release|x86.Build.0 = Release|Any CPU
		{233DF4A5-1A38-43E0-AD1A-A82414B89D32}.Debug|Any CPU.ActiveCfg = Debug|Any CPU
		{233DF4A5-1A38-43E0-AD1A-A82414B89D32}.Debug|Any CPU.Build.0 = Debug|Any CPU
		{233DF4A5-1A38-43E0-AD1A-A82414B89D32}.Debug|x64.ActiveCfg = Debug|Any CPU
		{233DF4A5-1A38-43E0-AD1A-A82414B89D32}.Debug|x64.Build.0 = Debug|Any CPU
		{233DF4A5-1A38-43E0-AD1A-A82414B89D32}.Debug|x86.ActiveCfg = Debug|Any CPU
		{233DF4A5-1A38-43E0-AD1A-A82414B89D32}.Debug|x86.Build.0 = Debug|Any CPU
		{233DF4A5-1A38-43E0-AD1A-A82414B89D32}.Release|Any CPU.ActiveCfg = Release|Any CPU
		{233DF4A5-1A38-43E0-AD1A-A82414B89D32}.Release|Any CPU.Build.0 = Release|Any CPU
		{233DF4A5-1A38-43E0-AD1A-A82414B89D32}.Release|x64.ActiveCfg = Release|Any CPU
		{233DF4A5-1A38-43E0-AD1A-A82414B89D32}.Release|x64.Build.0 = Release|Any CPU
		{233DF4A5-1A38-43E0-AD1A-A82414B89D32}.Release|x86.ActiveCfg = Release|Any CPU
		{233DF4A5-1A38-43E0-AD1A-A82414B89D32}.Release|x86.Build.0 = Release|Any CPU
		{BB9DB0FE-5372-4D15-8F1C-90318BD9384B}.Debug|Any CPU.ActiveCfg = Debug|Any CPU
		{BB9DB0FE-5372-4D15-8F1C-90318BD9384B}.Debug|Any CPU.Build.0 = Debug|Any CPU
		{BB9DB0FE-5372-4D15-8F1C-90318BD9384B}.Debug|x64.ActiveCfg = Debug|Any CPU
		{BB9DB0FE-5372-4D15-8F1C-90318BD9384B}.Debug|x64.Build.0 = Debug|Any CPU
		{BB9DB0FE-5372-4D15-8F1C-90318BD9384B}.Debug|x86.ActiveCfg = Debug|Any CPU
		{BB9DB0FE-5372-4D15-8F1C-90318BD9384B}.Debug|x86.Build.0 = Debug|Any CPU
		{BB9DB0FE-5372-4D15-8F1C-90318BD9384B}.Release|Any CPU.ActiveCfg = Release|Any CPU
		{BB9DB0FE-5372-4D15-8F1C-90318BD9384B}.Release|Any CPU.Build.0 = Release|Any CPU
		{BB9DB0FE-5372-4D15-8F1C-90318BD9384B}.Release|x64.ActiveCfg = Release|Any CPU
		{BB9DB0FE-5372-4D15-8F1C-90318BD9384B}.Release|x64.Build.0 = Release|Any CPU
		{BB9DB0FE-5372-4D15-8F1C-90318BD9384B}.Release|x86.ActiveCfg = Release|Any CPU
		{BB9DB0FE-5372-4D15-8F1C-90318BD9384B}.Release|x86.Build.0 = Release|Any CPU
		{7F7EA8C8-1B1D-416E-B648-C2E188CB91C7}.Debug|Any CPU.ActiveCfg = Debug|Any CPU
		{7F7EA8C8-1B1D-416E-B648-C2E188CB91C7}.Debug|Any CPU.Build.0 = Debug|Any CPU
		{7F7EA8C8-1B1D-416E-B648-C2E188CB91C7}.Debug|x64.ActiveCfg = Debug|Any CPU
		{7F7EA8C8-1B1D-416E-B648-C2E188CB91C7}.Debug|x64.Build.0 = Debug|Any CPU
		{7F7EA8C8-1B1D-416E-B648-C2E188CB91C7}.Debug|x86.ActiveCfg = Debug|Any CPU
		{7F7EA8C8-1B1D-416E-B648-C2E188CB91C7}.Debug|x86.Build.0 = Debug|Any CPU
		{7F7EA8C8-1B1D-416E-B648-C2E188CB91C7}.Release|Any CPU.ActiveCfg = Release|Any CPU
		{7F7EA8C8-1B1D-416E-B648-C2E188CB91C7}.Release|Any CPU.Build.0 = Release|Any CPU
		{7F7EA8C8-1B1D-416E-B648-C2E188CB91C7}.Release|x64.ActiveCfg = Release|Any CPU
		{7F7EA8C8-1B1D-416E-B648-C2E188CB91C7}.Release|x64.Build.0 = Release|Any CPU
		{7F7EA8C8-1B1D-416E-B648-C2E188CB91C7}.Release|x86.ActiveCfg = Release|Any CPU
		{7F7EA8C8-1B1D-416E-B648-C2E188CB91C7}.Release|x86.Build.0 = Release|Any CPU
		{1E44BEEC-5715-442F-AC8A-62A709FA5AA6}.Debug|Any CPU.ActiveCfg = Debug|Any CPU
		{1E44BEEC-5715-442F-AC8A-62A709FA5AA6}.Debug|Any CPU.Build.0 = Debug|Any CPU
		{1E44BEEC-5715-442F-AC8A-62A709FA5AA6}.Debug|x64.ActiveCfg = Debug|Any CPU
		{1E44BEEC-5715-442F-AC8A-62A709FA5AA6}.Debug|x64.Build.0 = Debug|Any CPU
		{1E44BEEC-5715-442F-AC8A-62A709FA5AA6}.Debug|x86.ActiveCfg = Debug|Any CPU
		{1E44BEEC-5715-442F-AC8A-62A709FA5AA6}.Debug|x86.Build.0 = Debug|Any CPU
		{1E44BEEC-5715-442F-AC8A-62A709FA5AA6}.Release|Any CPU.ActiveCfg = Release|Any CPU
		{1E44BEEC-5715-442F-AC8A-62A709FA5AA6}.Release|Any CPU.Build.0 = Release|Any CPU
		{1E44BEEC-5715-442F-AC8A-62A709FA5AA6}.Release|x64.ActiveCfg = Release|Any CPU
		{1E44BEEC-5715-442F-AC8A-62A709FA5AA6}.Release|x64.Build.0 = Release|Any CPU
		{1E44BEEC-5715-442F-AC8A-62A709FA5AA6}.Release|x86.ActiveCfg = Release|Any CPU
		{1E44BEEC-5715-442F-AC8A-62A709FA5AA6}.Release|x86.Build.0 = Release|Any CPU
		{06AA2865-E1D4-4511-8C72-D3E8420E12EA}.Debug|Any CPU.ActiveCfg = Debug|Any CPU
		{06AA2865-E1D4-4511-8C72-D3E8420E12EA}.Debug|Any CPU.Build.0 = Debug|Any CPU
		{06AA2865-E1D4-4511-8C72-D3E8420E12EA}.Debug|x64.ActiveCfg = Debug|Any CPU
		{06AA2865-E1D4-4511-8C72-D3E8420E12EA}.Debug|x64.Build.0 = Debug|Any CPU
		{06AA2865-E1D4-4511-8C72-D3E8420E12EA}.Debug|x86.ActiveCfg = Debug|Any CPU
		{06AA2865-E1D4-4511-8C72-D3E8420E12EA}.Debug|x86.Build.0 = Debug|Any CPU
		{06AA2865-E1D4-4511-8C72-D3E8420E12EA}.Release|Any CPU.ActiveCfg = Release|Any CPU
		{06AA2865-E1D4-4511-8C72-D3E8420E12EA}.Release|Any CPU.Build.0 = Release|Any CPU
		{06AA2865-E1D4-4511-8C72-D3E8420E12EA}.Release|x64.ActiveCfg = Release|Any CPU
		{06AA2865-E1D4-4511-8C72-D3E8420E12EA}.Release|x64.Build.0 = Release|Any CPU
		{06AA2865-E1D4-4511-8C72-D3E8420E12EA}.Release|x86.ActiveCfg = Release|Any CPU
		{06AA2865-E1D4-4511-8C72-D3E8420E12EA}.Release|x86.Build.0 = Release|Any CPU
		{B1AD857D-23FE-4BE2-86D9-7907D9227FCD}.Debug|Any CPU.ActiveCfg = Debug|Any CPU
		{B1AD857D-23FE-4BE2-86D9-7907D9227FCD}.Debug|Any CPU.Build.0 = Debug|Any CPU
		{B1AD857D-23FE-4BE2-86D9-7907D9227FCD}.Debug|x64.ActiveCfg = Debug|Any CPU
		{B1AD857D-23FE-4BE2-86D9-7907D9227FCD}.Debug|x64.Build.0 = Debug|Any CPU
		{B1AD857D-23FE-4BE2-86D9-7907D9227FCD}.Debug|x86.ActiveCfg = Debug|Any CPU
		{B1AD857D-23FE-4BE2-86D9-7907D9227FCD}.Debug|x86.Build.0 = Debug|Any CPU
		{B1AD857D-23FE-4BE2-86D9-7907D9227FCD}.Release|Any CPU.ActiveCfg = Release|Any CPU
		{B1AD857D-23FE-4BE2-86D9-7907D9227FCD}.Release|Any CPU.Build.0 = Release|Any CPU
		{B1AD857D-23FE-4BE2-86D9-7907D9227FCD}.Release|x64.ActiveCfg = Release|Any CPU
		{B1AD857D-23FE-4BE2-86D9-7907D9227FCD}.Release|x64.Build.0 = Release|Any CPU
		{B1AD857D-23FE-4BE2-86D9-7907D9227FCD}.Release|x86.ActiveCfg = Release|Any CPU
		{B1AD857D-23FE-4BE2-86D9-7907D9227FCD}.Release|x86.Build.0 = Release|Any CPU
		{C0358ABD-4BE5-40E8-8B6F-4B6D558A173B}.Debug|Any CPU.ActiveCfg = Debug|Any CPU
		{C0358ABD-4BE5-40E8-8B6F-4B6D558A173B}.Debug|Any CPU.Build.0 = Debug|Any CPU
		{C0358ABD-4BE5-40E8-8B6F-4B6D558A173B}.Debug|x64.ActiveCfg = Debug|Any CPU
		{C0358ABD-4BE5-40E8-8B6F-4B6D558A173B}.Debug|x64.Build.0 = Debug|Any CPU
		{C0358ABD-4BE5-40E8-8B6F-4B6D558A173B}.Debug|x86.ActiveCfg = Debug|Any CPU
		{C0358ABD-4BE5-40E8-8B6F-4B6D558A173B}.Debug|x86.Build.0 = Debug|Any CPU
		{C0358ABD-4BE5-40E8-8B6F-4B6D558A173B}.Release|Any CPU.ActiveCfg = Release|Any CPU
		{C0358ABD-4BE5-40E8-8B6F-4B6D558A173B}.Release|Any CPU.Build.0 = Release|Any CPU
		{C0358ABD-4BE5-40E8-8B6F-4B6D558A173B}.Release|x64.ActiveCfg = Release|Any CPU
		{C0358ABD-4BE5-40E8-8B6F-4B6D558A173B}.Release|x64.Build.0 = Release|Any CPU
		{C0358ABD-4BE5-40E8-8B6F-4B6D558A173B}.Release|x86.ActiveCfg = Release|Any CPU
		{C0358ABD-4BE5-40E8-8B6F-4B6D558A173B}.Release|x86.Build.0 = Release|Any CPU
		{54F3AA55-12EE-44CB-BECD-3EBF317B5529}.Debug|Any CPU.ActiveCfg = Debug|Any CPU
		{54F3AA55-12EE-44CB-BECD-3EBF317B5529}.Debug|Any CPU.Build.0 = Debug|Any CPU
		{54F3AA55-12EE-44CB-BECD-3EBF317B5529}.Debug|x64.ActiveCfg = Debug|Any CPU
		{54F3AA55-12EE-44CB-BECD-3EBF317B5529}.Debug|x64.Build.0 = Debug|Any CPU
		{54F3AA55-12EE-44CB-BECD-3EBF317B5529}.Debug|x86.ActiveCfg = Debug|Any CPU
		{54F3AA55-12EE-44CB-BECD-3EBF317B5529}.Debug|x86.Build.0 = Debug|Any CPU
		{54F3AA55-12EE-44CB-BECD-3EBF317B5529}.Release|Any CPU.ActiveCfg = Release|Any CPU
		{54F3AA55-12EE-44CB-BECD-3EBF317B5529}.Release|Any CPU.Build.0 = Release|Any CPU
		{54F3AA55-12EE-44CB-BECD-3EBF317B5529}.Release|x64.ActiveCfg = Release|Any CPU
		{54F3AA55-12EE-44CB-BECD-3EBF317B5529}.Release|x64.Build.0 = Release|Any CPU
		{54F3AA55-12EE-44CB-BECD-3EBF317B5529}.Release|x86.ActiveCfg = Release|Any CPU
		{54F3AA55-12EE-44CB-BECD-3EBF317B5529}.Release|x86.Build.0 = Release|Any CPU
		{696E8393-621B-4F92-A722-5D13F30FB222}.Debug|Any CPU.ActiveCfg = Debug|Any CPU
		{696E8393-621B-4F92-A722-5D13F30FB222}.Debug|Any CPU.Build.0 = Debug|Any CPU
		{696E8393-621B-4F92-A722-5D13F30FB222}.Debug|x64.ActiveCfg = Debug|Any CPU
		{696E8393-621B-4F92-A722-5D13F30FB222}.Debug|x64.Build.0 = Debug|Any CPU
		{696E8393-621B-4F92-A722-5D13F30FB222}.Debug|x86.ActiveCfg = Debug|Any CPU
		{696E8393-621B-4F92-A722-5D13F30FB222}.Debug|x86.Build.0 = Debug|Any CPU
		{696E8393-621B-4F92-A722-5D13F30FB222}.Release|Any CPU.ActiveCfg = Release|Any CPU
		{696E8393-621B-4F92-A722-5D13F30FB222}.Release|Any CPU.Build.0 = Release|Any CPU
		{696E8393-621B-4F92-A722-5D13F30FB222}.Release|x64.ActiveCfg = Release|Any CPU
		{696E8393-621B-4F92-A722-5D13F30FB222}.Release|x64.Build.0 = Release|Any CPU
		{696E8393-621B-4F92-A722-5D13F30FB222}.Release|x86.ActiveCfg = Release|Any CPU
		{696E8393-621B-4F92-A722-5D13F30FB222}.Release|x86.Build.0 = Release|Any CPU
		{74F0C00C-0CA0-4CD3-8EBD-2D37EF878990}.Debug|Any CPU.ActiveCfg = Debug|Any CPU
		{74F0C00C-0CA0-4CD3-8EBD-2D37EF878990}.Debug|Any CPU.Build.0 = Debug|Any CPU
		{74F0C00C-0CA0-4CD3-8EBD-2D37EF878990}.Debug|x64.ActiveCfg = Debug|Any CPU
		{74F0C00C-0CA0-4CD3-8EBD-2D37EF878990}.Debug|x64.Build.0 = Debug|Any CPU
		{74F0C00C-0CA0-4CD3-8EBD-2D37EF878990}.Debug|x86.ActiveCfg = Debug|Any CPU
		{74F0C00C-0CA0-4CD3-8EBD-2D37EF878990}.Debug|x86.Build.0 = Debug|Any CPU
		{74F0C00C-0CA0-4CD3-8EBD-2D37EF878990}.Release|Any CPU.ActiveCfg = Release|Any CPU
		{74F0C00C-0CA0-4CD3-8EBD-2D37EF878990}.Release|Any CPU.Build.0 = Release|Any CPU
		{74F0C00C-0CA0-4CD3-8EBD-2D37EF878990}.Release|x64.ActiveCfg = Release|Any CPU
		{74F0C00C-0CA0-4CD3-8EBD-2D37EF878990}.Release|x64.Build.0 = Release|Any CPU
		{74F0C00C-0CA0-4CD3-8EBD-2D37EF878990}.Release|x86.ActiveCfg = Release|Any CPU
		{74F0C00C-0CA0-4CD3-8EBD-2D37EF878990}.Release|x86.Build.0 = Release|Any CPU
		{D1BABE54-050D-4554-ACDB-40183634213B}.Debug|Any CPU.ActiveCfg = Debug|Any CPU
		{D1BABE54-050D-4554-ACDB-40183634213B}.Debug|Any CPU.Build.0 = Debug|Any CPU
		{D1BABE54-050D-4554-ACDB-40183634213B}.Debug|x64.ActiveCfg = Debug|Any CPU
		{D1BABE54-050D-4554-ACDB-40183634213B}.Debug|x64.Build.0 = Debug|Any CPU
		{D1BABE54-050D-4554-ACDB-40183634213B}.Debug|x86.ActiveCfg = Debug|Any CPU
		{D1BABE54-050D-4554-ACDB-40183634213B}.Debug|x86.Build.0 = Debug|Any CPU
		{D1BABE54-050D-4554-ACDB-40183634213B}.Release|Any CPU.ActiveCfg = Release|Any CPU
		{D1BABE54-050D-4554-ACDB-40183634213B}.Release|Any CPU.Build.0 = Release|Any CPU
		{D1BABE54-050D-4554-ACDB-40183634213B}.Release|x64.ActiveCfg = Release|Any CPU
		{D1BABE54-050D-4554-ACDB-40183634213B}.Release|x64.Build.0 = Release|Any CPU
		{D1BABE54-050D-4554-ACDB-40183634213B}.Release|x86.ActiveCfg = Release|Any CPU
		{D1BABE54-050D-4554-ACDB-40183634213B}.Release|x86.Build.0 = Release|Any CPU
		{4B7314DC-9B0A-4343-8CE2-6A8733FEF41F}.Debug|Any CPU.ActiveCfg = Debug|Any CPU
		{4B7314DC-9B0A-4343-8CE2-6A8733FEF41F}.Debug|Any CPU.Build.0 = Debug|Any CPU
		{4B7314DC-9B0A-4343-8CE2-6A8733FEF41F}.Debug|x64.ActiveCfg = Debug|Any CPU
		{4B7314DC-9B0A-4343-8CE2-6A8733FEF41F}.Debug|x64.Build.0 = Debug|Any CPU
		{4B7314DC-9B0A-4343-8CE2-6A8733FEF41F}.Debug|x86.ActiveCfg = Debug|Any CPU
		{4B7314DC-9B0A-4343-8CE2-6A8733FEF41F}.Debug|x86.Build.0 = Debug|Any CPU
		{4B7314DC-9B0A-4343-8CE2-6A8733FEF41F}.Release|Any CPU.ActiveCfg = Release|Any CPU
		{4B7314DC-9B0A-4343-8CE2-6A8733FEF41F}.Release|Any CPU.Build.0 = Release|Any CPU
		{4B7314DC-9B0A-4343-8CE2-6A8733FEF41F}.Release|x64.ActiveCfg = Release|Any CPU
		{4B7314DC-9B0A-4343-8CE2-6A8733FEF41F}.Release|x64.Build.0 = Release|Any CPU
		{4B7314DC-9B0A-4343-8CE2-6A8733FEF41F}.Release|x86.ActiveCfg = Release|Any CPU
		{4B7314DC-9B0A-4343-8CE2-6A8733FEF41F}.Release|x86.Build.0 = Release|Any CPU
		{F8EC29CD-0766-498D-AB44-1C8B6C96AB0A}.Debug|Any CPU.ActiveCfg = Debug|Any CPU
		{F8EC29CD-0766-498D-AB44-1C8B6C96AB0A}.Debug|Any CPU.Build.0 = Debug|Any CPU
		{F8EC29CD-0766-498D-AB44-1C8B6C96AB0A}.Debug|x64.ActiveCfg = Debug|Any CPU
		{F8EC29CD-0766-498D-AB44-1C8B6C96AB0A}.Debug|x64.Build.0 = Debug|Any CPU
		{F8EC29CD-0766-498D-AB44-1C8B6C96AB0A}.Debug|x86.ActiveCfg = Debug|Any CPU
		{F8EC29CD-0766-498D-AB44-1C8B6C96AB0A}.Debug|x86.Build.0 = Debug|Any CPU
		{F8EC29CD-0766-498D-AB44-1C8B6C96AB0A}.Release|Any CPU.ActiveCfg = Release|Any CPU
		{F8EC29CD-0766-498D-AB44-1C8B6C96AB0A}.Release|Any CPU.Build.0 = Release|Any CPU
		{F8EC29CD-0766-498D-AB44-1C8B6C96AB0A}.Release|x64.ActiveCfg = Release|Any CPU
		{F8EC29CD-0766-498D-AB44-1C8B6C96AB0A}.Release|x64.Build.0 = Release|Any CPU
		{F8EC29CD-0766-498D-AB44-1C8B6C96AB0A}.Release|x86.ActiveCfg = Release|Any CPU
		{F8EC29CD-0766-498D-AB44-1C8B6C96AB0A}.Release|x86.Build.0 = Release|Any CPU
		{E6C8B05A-7C53-4185-9893-4EBB921022CC}.Debug|Any CPU.ActiveCfg = Debug|Any CPU
		{E6C8B05A-7C53-4185-9893-4EBB921022CC}.Debug|Any CPU.Build.0 = Debug|Any CPU
		{E6C8B05A-7C53-4185-9893-4EBB921022CC}.Debug|x64.ActiveCfg = Debug|Any CPU
		{E6C8B05A-7C53-4185-9893-4EBB921022CC}.Debug|x64.Build.0 = Debug|Any CPU
		{E6C8B05A-7C53-4185-9893-4EBB921022CC}.Debug|x86.ActiveCfg = Debug|Any CPU
		{E6C8B05A-7C53-4185-9893-4EBB921022CC}.Debug|x86.Build.0 = Debug|Any CPU
		{E6C8B05A-7C53-4185-9893-4EBB921022CC}.Release|Any CPU.ActiveCfg = Release|Any CPU
		{E6C8B05A-7C53-4185-9893-4EBB921022CC}.Release|Any CPU.Build.0 = Release|Any CPU
		{E6C8B05A-7C53-4185-9893-4EBB921022CC}.Release|x64.ActiveCfg = Release|Any CPU
		{E6C8B05A-7C53-4185-9893-4EBB921022CC}.Release|x64.Build.0 = Release|Any CPU
		{E6C8B05A-7C53-4185-9893-4EBB921022CC}.Release|x86.ActiveCfg = Release|Any CPU
		{E6C8B05A-7C53-4185-9893-4EBB921022CC}.Release|x86.Build.0 = Release|Any CPU
		{78C506F7-F289-49B4-8191-B258E393B61B}.Debug|Any CPU.ActiveCfg = Debug|Any CPU
		{78C506F7-F289-49B4-8191-B258E393B61B}.Debug|Any CPU.Build.0 = Debug|Any CPU
		{78C506F7-F289-49B4-8191-B258E393B61B}.Debug|x64.ActiveCfg = Debug|Any CPU
		{78C506F7-F289-49B4-8191-B258E393B61B}.Debug|x64.Build.0 = Debug|Any CPU
		{78C506F7-F289-49B4-8191-B258E393B61B}.Debug|x86.ActiveCfg = Debug|Any CPU
		{78C506F7-F289-49B4-8191-B258E393B61B}.Debug|x86.Build.0 = Debug|Any CPU
		{78C506F7-F289-49B4-8191-B258E393B61B}.Release|Any CPU.ActiveCfg = Release|Any CPU
		{78C506F7-F289-49B4-8191-B258E393B61B}.Release|Any CPU.Build.0 = Release|Any CPU
		{78C506F7-F289-49B4-8191-B258E393B61B}.Release|x64.ActiveCfg = Release|Any CPU
		{78C506F7-F289-49B4-8191-B258E393B61B}.Release|x64.Build.0 = Release|Any CPU
		{78C506F7-F289-49B4-8191-B258E393B61B}.Release|x86.ActiveCfg = Release|Any CPU
		{78C506F7-F289-49B4-8191-B258E393B61B}.Release|x86.Build.0 = Release|Any CPU
		{6669E857-3E45-43F1-BAB0-162018D4C2FA}.Debug|Any CPU.ActiveCfg = Debug|Any CPU
		{6669E857-3E45-43F1-BAB0-162018D4C2FA}.Debug|Any CPU.Build.0 = Debug|Any CPU
		{6669E857-3E45-43F1-BAB0-162018D4C2FA}.Debug|x64.ActiveCfg = Debug|Any CPU
		{6669E857-3E45-43F1-BAB0-162018D4C2FA}.Debug|x64.Build.0 = Debug|Any CPU
		{6669E857-3E45-43F1-BAB0-162018D4C2FA}.Debug|x86.ActiveCfg = Debug|Any CPU
		{6669E857-3E45-43F1-BAB0-162018D4C2FA}.Debug|x86.Build.0 = Debug|Any CPU
		{6669E857-3E45-43F1-BAB0-162018D4C2FA}.Release|Any CPU.ActiveCfg = Release|Any CPU
		{6669E857-3E45-43F1-BAB0-162018D4C2FA}.Release|Any CPU.Build.0 = Release|Any CPU
		{6669E857-3E45-43F1-BAB0-162018D4C2FA}.Release|x64.ActiveCfg = Release|Any CPU
		{6669E857-3E45-43F1-BAB0-162018D4C2FA}.Release|x64.Build.0 = Release|Any CPU
		{6669E857-3E45-43F1-BAB0-162018D4C2FA}.Release|x86.ActiveCfg = Release|Any CPU
		{6669E857-3E45-43F1-BAB0-162018D4C2FA}.Release|x86.Build.0 = Release|Any CPU
		{8A1A3AE5-B7F9-4ED4-A12B-0A7ADF27184C}.Debug|Any CPU.ActiveCfg = Debug|Any CPU
		{8A1A3AE5-B7F9-4ED4-A12B-0A7ADF27184C}.Debug|Any CPU.Build.0 = Debug|Any CPU
		{8A1A3AE5-B7F9-4ED4-A12B-0A7ADF27184C}.Debug|x64.ActiveCfg = Debug|Any CPU
		{8A1A3AE5-B7F9-4ED4-A12B-0A7ADF27184C}.Debug|x64.Build.0 = Debug|Any CPU
		{8A1A3AE5-B7F9-4ED4-A12B-0A7ADF27184C}.Debug|x86.ActiveCfg = Debug|Any CPU
		{8A1A3AE5-B7F9-4ED4-A12B-0A7ADF27184C}.Debug|x86.Build.0 = Debug|Any CPU
		{8A1A3AE5-B7F9-4ED4-A12B-0A7ADF27184C}.Release|Any CPU.ActiveCfg = Release|Any CPU
		{8A1A3AE5-B7F9-4ED4-A12B-0A7ADF27184C}.Release|Any CPU.Build.0 = Release|Any CPU
		{8A1A3AE5-B7F9-4ED4-A12B-0A7ADF27184C}.Release|x64.ActiveCfg = Release|Any CPU
		{8A1A3AE5-B7F9-4ED4-A12B-0A7ADF27184C}.Release|x64.Build.0 = Release|Any CPU
		{8A1A3AE5-B7F9-4ED4-A12B-0A7ADF27184C}.Release|x86.ActiveCfg = Release|Any CPU
		{8A1A3AE5-B7F9-4ED4-A12B-0A7ADF27184C}.Release|x86.Build.0 = Release|Any CPU
		{4378F071-0948-4FB6-A6DC-E7A4F41C5CDB}.Debug|Any CPU.ActiveCfg = Debug|Any CPU
		{4378F071-0948-4FB6-A6DC-E7A4F41C5CDB}.Debug|Any CPU.Build.0 = Debug|Any CPU
		{4378F071-0948-4FB6-A6DC-E7A4F41C5CDB}.Debug|x64.ActiveCfg = Debug|Any CPU
		{4378F071-0948-4FB6-A6DC-E7A4F41C5CDB}.Debug|x64.Build.0 = Debug|Any CPU
		{4378F071-0948-4FB6-A6DC-E7A4F41C5CDB}.Debug|x86.ActiveCfg = Debug|Any CPU
		{4378F071-0948-4FB6-A6DC-E7A4F41C5CDB}.Debug|x86.Build.0 = Debug|Any CPU
		{4378F071-0948-4FB6-A6DC-E7A4F41C5CDB}.Release|Any CPU.ActiveCfg = Release|Any CPU
		{4378F071-0948-4FB6-A6DC-E7A4F41C5CDB}.Release|Any CPU.Build.0 = Release|Any CPU
		{4378F071-0948-4FB6-A6DC-E7A4F41C5CDB}.Release|x64.ActiveCfg = Release|Any CPU
		{4378F071-0948-4FB6-A6DC-E7A4F41C5CDB}.Release|x64.Build.0 = Release|Any CPU
		{4378F071-0948-4FB6-A6DC-E7A4F41C5CDB}.Release|x86.ActiveCfg = Release|Any CPU
		{4378F071-0948-4FB6-A6DC-E7A4F41C5CDB}.Release|x86.Build.0 = Release|Any CPU
		{F5E9B74E-7C3D-45DD-9B11-E7993F63F15D}.Debug|Any CPU.ActiveCfg = Debug|Any CPU
		{F5E9B74E-7C3D-45DD-9B11-E7993F63F15D}.Debug|Any CPU.Build.0 = Debug|Any CPU
		{F5E9B74E-7C3D-45DD-9B11-E7993F63F15D}.Debug|x64.ActiveCfg = Debug|Any CPU
		{F5E9B74E-7C3D-45DD-9B11-E7993F63F15D}.Debug|x64.Build.0 = Debug|Any CPU
		{F5E9B74E-7C3D-45DD-9B11-E7993F63F15D}.Debug|x86.ActiveCfg = Debug|Any CPU
		{F5E9B74E-7C3D-45DD-9B11-E7993F63F15D}.Debug|x86.Build.0 = Debug|Any CPU
		{F5E9B74E-7C3D-45DD-9B11-E7993F63F15D}.Release|Any CPU.ActiveCfg = Release|Any CPU
		{F5E9B74E-7C3D-45DD-9B11-E7993F63F15D}.Release|Any CPU.Build.0 = Release|Any CPU
		{F5E9B74E-7C3D-45DD-9B11-E7993F63F15D}.Release|x64.ActiveCfg = Release|Any CPU
		{F5E9B74E-7C3D-45DD-9B11-E7993F63F15D}.Release|x64.Build.0 = Release|Any CPU
		{F5E9B74E-7C3D-45DD-9B11-E7993F63F15D}.Release|x86.ActiveCfg = Release|Any CPU
		{F5E9B74E-7C3D-45DD-9B11-E7993F63F15D}.Release|x86.Build.0 = Release|Any CPU
		{602A3D2A-18AD-4F38-8D00-F78D997010FE}.Debug|Any CPU.ActiveCfg = Debug|Any CPU
		{602A3D2A-18AD-4F38-8D00-F78D997010FE}.Debug|Any CPU.Build.0 = Debug|Any CPU
		{602A3D2A-18AD-4F38-8D00-F78D997010FE}.Debug|x64.ActiveCfg = Debug|Any CPU
		{602A3D2A-18AD-4F38-8D00-F78D997010FE}.Debug|x64.Build.0 = Debug|Any CPU
		{602A3D2A-18AD-4F38-8D00-F78D997010FE}.Debug|x86.ActiveCfg = Debug|Any CPU
		{602A3D2A-18AD-4F38-8D00-F78D997010FE}.Debug|x86.Build.0 = Debug|Any CPU
		{602A3D2A-18AD-4F38-8D00-F78D997010FE}.Release|Any CPU.ActiveCfg = Release|Any CPU
		{602A3D2A-18AD-4F38-8D00-F78D997010FE}.Release|Any CPU.Build.0 = Release|Any CPU
		{602A3D2A-18AD-4F38-8D00-F78D997010FE}.Release|x64.ActiveCfg = Release|Any CPU
		{602A3D2A-18AD-4F38-8D00-F78D997010FE}.Release|x64.Build.0 = Release|Any CPU
		{602A3D2A-18AD-4F38-8D00-F78D997010FE}.Release|x86.ActiveCfg = Release|Any CPU
		{602A3D2A-18AD-4F38-8D00-F78D997010FE}.Release|x86.Build.0 = Release|Any CPU
		{5EE946B5-877F-437D-9B54-A4188215A75C}.Debug|Any CPU.ActiveCfg = Debug|Any CPU
		{5EE946B5-877F-437D-9B54-A4188215A75C}.Debug|Any CPU.Build.0 = Debug|Any CPU
		{5EE946B5-877F-437D-9B54-A4188215A75C}.Debug|x64.ActiveCfg = Debug|Any CPU
		{5EE946B5-877F-437D-9B54-A4188215A75C}.Debug|x64.Build.0 = Debug|Any CPU
		{5EE946B5-877F-437D-9B54-A4188215A75C}.Debug|x86.ActiveCfg = Debug|Any CPU
		{5EE946B5-877F-437D-9B54-A4188215A75C}.Debug|x86.Build.0 = Debug|Any CPU
		{5EE946B5-877F-437D-9B54-A4188215A75C}.Release|Any CPU.ActiveCfg = Release|Any CPU
		{5EE946B5-877F-437D-9B54-A4188215A75C}.Release|Any CPU.Build.0 = Release|Any CPU
		{5EE946B5-877F-437D-9B54-A4188215A75C}.Release|x64.ActiveCfg = Release|Any CPU
		{5EE946B5-877F-437D-9B54-A4188215A75C}.Release|x64.Build.0 = Release|Any CPU
		{5EE946B5-877F-437D-9B54-A4188215A75C}.Release|x86.ActiveCfg = Release|Any CPU
		{5EE946B5-877F-437D-9B54-A4188215A75C}.Release|x86.Build.0 = Release|Any CPU
		{E2B0F489-96CE-4666-8DAB-075D0C945E65}.Debug|Any CPU.ActiveCfg = Debug|Any CPU
		{E2B0F489-96CE-4666-8DAB-075D0C945E65}.Debug|Any CPU.Build.0 = Debug|Any CPU
		{E2B0F489-96CE-4666-8DAB-075D0C945E65}.Debug|x64.ActiveCfg = Debug|Any CPU
		{E2B0F489-96CE-4666-8DAB-075D0C945E65}.Debug|x64.Build.0 = Debug|Any CPU
		{E2B0F489-96CE-4666-8DAB-075D0C945E65}.Debug|x86.ActiveCfg = Debug|Any CPU
		{E2B0F489-96CE-4666-8DAB-075D0C945E65}.Debug|x86.Build.0 = Debug|Any CPU
		{E2B0F489-96CE-4666-8DAB-075D0C945E65}.Release|Any CPU.ActiveCfg = Release|Any CPU
		{E2B0F489-96CE-4666-8DAB-075D0C945E65}.Release|Any CPU.Build.0 = Release|Any CPU
		{E2B0F489-96CE-4666-8DAB-075D0C945E65}.Release|x64.ActiveCfg = Release|Any CPU
		{E2B0F489-96CE-4666-8DAB-075D0C945E65}.Release|x64.Build.0 = Release|Any CPU
		{E2B0F489-96CE-4666-8DAB-075D0C945E65}.Release|x86.ActiveCfg = Release|Any CPU
		{E2B0F489-96CE-4666-8DAB-075D0C945E65}.Release|x86.Build.0 = Release|Any CPU
		{F50F0BE6-D3AB-49E1-8A4C-FA31F0B2238E}.Debug|Any CPU.ActiveCfg = Debug|Any CPU
		{F50F0BE6-D3AB-49E1-8A4C-FA31F0B2238E}.Debug|Any CPU.Build.0 = Debug|Any CPU
		{F50F0BE6-D3AB-49E1-8A4C-FA31F0B2238E}.Debug|x64.ActiveCfg = Debug|Any CPU
		{F50F0BE6-D3AB-49E1-8A4C-FA31F0B2238E}.Debug|x64.Build.0 = Debug|Any CPU
		{F50F0BE6-D3AB-49E1-8A4C-FA31F0B2238E}.Debug|x86.ActiveCfg = Debug|Any CPU
		{F50F0BE6-D3AB-49E1-8A4C-FA31F0B2238E}.Debug|x86.Build.0 = Debug|Any CPU
		{F50F0BE6-D3AB-49E1-8A4C-FA31F0B2238E}.Release|Any CPU.ActiveCfg = Release|Any CPU
		{F50F0BE6-D3AB-49E1-8A4C-FA31F0B2238E}.Release|Any CPU.Build.0 = Release|Any CPU
		{F50F0BE6-D3AB-49E1-8A4C-FA31F0B2238E}.Release|x64.ActiveCfg = Release|Any CPU
		{F50F0BE6-D3AB-49E1-8A4C-FA31F0B2238E}.Release|x64.Build.0 = Release|Any CPU
		{F50F0BE6-D3AB-49E1-8A4C-FA31F0B2238E}.Release|x86.ActiveCfg = Release|Any CPU
		{F50F0BE6-D3AB-49E1-8A4C-FA31F0B2238E}.Release|x86.Build.0 = Release|Any CPU
		{691F5339-873D-4B8E-B57F-E9DFC5B65F95}.Debug|Any CPU.ActiveCfg = Debug|Any CPU
		{691F5339-873D-4B8E-B57F-E9DFC5B65F95}.Debug|Any CPU.Build.0 = Debug|Any CPU
		{691F5339-873D-4B8E-B57F-E9DFC5B65F95}.Debug|x64.ActiveCfg = Debug|Any CPU
		{691F5339-873D-4B8E-B57F-E9DFC5B65F95}.Debug|x64.Build.0 = Debug|Any CPU
		{691F5339-873D-4B8E-B57F-E9DFC5B65F95}.Debug|x86.ActiveCfg = Debug|Any CPU
		{691F5339-873D-4B8E-B57F-E9DFC5B65F95}.Debug|x86.Build.0 = Debug|Any CPU
		{691F5339-873D-4B8E-B57F-E9DFC5B65F95}.Release|Any CPU.ActiveCfg = Release|Any CPU
		{691F5339-873D-4B8E-B57F-E9DFC5B65F95}.Release|Any CPU.Build.0 = Release|Any CPU
		{691F5339-873D-4B8E-B57F-E9DFC5B65F95}.Release|x64.ActiveCfg = Release|Any CPU
		{691F5339-873D-4B8E-B57F-E9DFC5B65F95}.Release|x64.Build.0 = Release|Any CPU
		{691F5339-873D-4B8E-B57F-E9DFC5B65F95}.Release|x86.ActiveCfg = Release|Any CPU
		{691F5339-873D-4B8E-B57F-E9DFC5B65F95}.Release|x86.Build.0 = Release|Any CPU
		{C7D0963A-F40B-47F4-A30D-183DC797EACE}.Debug|Any CPU.ActiveCfg = Debug|Any CPU
		{C7D0963A-F40B-47F4-A30D-183DC797EACE}.Debug|Any CPU.Build.0 = Debug|Any CPU
		{C7D0963A-F40B-47F4-A30D-183DC797EACE}.Debug|x64.ActiveCfg = Debug|Any CPU
		{C7D0963A-F40B-47F4-A30D-183DC797EACE}.Debug|x64.Build.0 = Debug|Any CPU
		{C7D0963A-F40B-47F4-A30D-183DC797EACE}.Debug|x86.ActiveCfg = Debug|Any CPU
		{C7D0963A-F40B-47F4-A30D-183DC797EACE}.Debug|x86.Build.0 = Debug|Any CPU
		{C7D0963A-F40B-47F4-A30D-183DC797EACE}.Release|Any CPU.ActiveCfg = Release|Any CPU
		{C7D0963A-F40B-47F4-A30D-183DC797EACE}.Release|Any CPU.Build.0 = Release|Any CPU
		{C7D0963A-F40B-47F4-A30D-183DC797EACE}.Release|x64.ActiveCfg = Release|Any CPU
		{C7D0963A-F40B-47F4-A30D-183DC797EACE}.Release|x64.Build.0 = Release|Any CPU
		{C7D0963A-F40B-47F4-A30D-183DC797EACE}.Release|x86.ActiveCfg = Release|Any CPU
		{C7D0963A-F40B-47F4-A30D-183DC797EACE}.Release|x86.Build.0 = Release|Any CPU
		{DA56BDAF-96BE-495C-AAA8-9EFB8D462442}.Debug|Any CPU.ActiveCfg = Debug|Any CPU
		{DA56BDAF-96BE-495C-AAA8-9EFB8D462442}.Debug|Any CPU.Build.0 = Debug|Any CPU
		{DA56BDAF-96BE-495C-AAA8-9EFB8D462442}.Debug|x64.ActiveCfg = Debug|Any CPU
		{DA56BDAF-96BE-495C-AAA8-9EFB8D462442}.Debug|x64.Build.0 = Debug|Any CPU
		{DA56BDAF-96BE-495C-AAA8-9EFB8D462442}.Debug|x86.ActiveCfg = Debug|Any CPU
		{DA56BDAF-96BE-495C-AAA8-9EFB8D462442}.Debug|x86.Build.0 = Debug|Any CPU
		{DA56BDAF-96BE-495C-AAA8-9EFB8D462442}.Release|Any CPU.ActiveCfg = Release|Any CPU
		{DA56BDAF-96BE-495C-AAA8-9EFB8D462442}.Release|Any CPU.Build.0 = Release|Any CPU
		{DA56BDAF-96BE-495C-AAA8-9EFB8D462442}.Release|x64.ActiveCfg = Release|Any CPU
		{DA56BDAF-96BE-495C-AAA8-9EFB8D462442}.Release|x64.Build.0 = Release|Any CPU
		{DA56BDAF-96BE-495C-AAA8-9EFB8D462442}.Release|x86.ActiveCfg = Release|Any CPU
		{DA56BDAF-96BE-495C-AAA8-9EFB8D462442}.Release|x86.Build.0 = Release|Any CPU
		{CC4DE0CF-93BC-4CEF-8432-606B158FC5EE}.Debug|Any CPU.ActiveCfg = Debug|Any CPU
		{CC4DE0CF-93BC-4CEF-8432-606B158FC5EE}.Debug|Any CPU.Build.0 = Debug|Any CPU
		{CC4DE0CF-93BC-4CEF-8432-606B158FC5EE}.Debug|x64.ActiveCfg = Debug|Any CPU
		{CC4DE0CF-93BC-4CEF-8432-606B158FC5EE}.Debug|x64.Build.0 = Debug|Any CPU
		{CC4DE0CF-93BC-4CEF-8432-606B158FC5EE}.Debug|x86.ActiveCfg = Debug|Any CPU
		{CC4DE0CF-93BC-4CEF-8432-606B158FC5EE}.Debug|x86.Build.0 = Debug|Any CPU
		{CC4DE0CF-93BC-4CEF-8432-606B158FC5EE}.Release|Any CPU.ActiveCfg = Release|Any CPU
		{CC4DE0CF-93BC-4CEF-8432-606B158FC5EE}.Release|Any CPU.Build.0 = Release|Any CPU
		{CC4DE0CF-93BC-4CEF-8432-606B158FC5EE}.Release|x64.ActiveCfg = Release|Any CPU
		{CC4DE0CF-93BC-4CEF-8432-606B158FC5EE}.Release|x64.Build.0 = Release|Any CPU
		{CC4DE0CF-93BC-4CEF-8432-606B158FC5EE}.Release|x86.ActiveCfg = Release|Any CPU
		{CC4DE0CF-93BC-4CEF-8432-606B158FC5EE}.Release|x86.Build.0 = Release|Any CPU
		{B3C32B2B-D54F-40D3-81A6-63F828ED8BDA}.Debug|Any CPU.ActiveCfg = Debug|Any CPU
		{B3C32B2B-D54F-40D3-81A6-63F828ED8BDA}.Debug|Any CPU.Build.0 = Debug|Any CPU
		{B3C32B2B-D54F-40D3-81A6-63F828ED8BDA}.Debug|x64.ActiveCfg = Debug|Any CPU
		{B3C32B2B-D54F-40D3-81A6-63F828ED8BDA}.Debug|x64.Build.0 = Debug|Any CPU
		{B3C32B2B-D54F-40D3-81A6-63F828ED8BDA}.Debug|x86.ActiveCfg = Debug|Any CPU
		{B3C32B2B-D54F-40D3-81A6-63F828ED8BDA}.Debug|x86.Build.0 = Debug|Any CPU
		{B3C32B2B-D54F-40D3-81A6-63F828ED8BDA}.Release|Any CPU.ActiveCfg = Release|Any CPU
		{B3C32B2B-D54F-40D3-81A6-63F828ED8BDA}.Release|Any CPU.Build.0 = Release|Any CPU
		{B3C32B2B-D54F-40D3-81A6-63F828ED8BDA}.Release|x64.ActiveCfg = Release|Any CPU
		{B3C32B2B-D54F-40D3-81A6-63F828ED8BDA}.Release|x64.Build.0 = Release|Any CPU
		{B3C32B2B-D54F-40D3-81A6-63F828ED8BDA}.Release|x86.ActiveCfg = Release|Any CPU
		{B3C32B2B-D54F-40D3-81A6-63F828ED8BDA}.Release|x86.Build.0 = Release|Any CPU
		{B4E0C6BE-7A30-48B6-91D5-F1524CBC2D67}.Debug|Any CPU.ActiveCfg = Debug|Any CPU
		{B4E0C6BE-7A30-48B6-91D5-F1524CBC2D67}.Debug|Any CPU.Build.0 = Debug|Any CPU
		{B4E0C6BE-7A30-48B6-91D5-F1524CBC2D67}.Debug|x64.ActiveCfg = Debug|Any CPU
		{B4E0C6BE-7A30-48B6-91D5-F1524CBC2D67}.Debug|x64.Build.0 = Debug|Any CPU
		{B4E0C6BE-7A30-48B6-91D5-F1524CBC2D67}.Debug|x86.ActiveCfg = Debug|Any CPU
		{B4E0C6BE-7A30-48B6-91D5-F1524CBC2D67}.Debug|x86.Build.0 = Debug|Any CPU
		{B4E0C6BE-7A30-48B6-91D5-F1524CBC2D67}.Release|Any CPU.ActiveCfg = Release|Any CPU
		{B4E0C6BE-7A30-48B6-91D5-F1524CBC2D67}.Release|Any CPU.Build.0 = Release|Any CPU
		{B4E0C6BE-7A30-48B6-91D5-F1524CBC2D67}.Release|x64.ActiveCfg = Release|Any CPU
		{B4E0C6BE-7A30-48B6-91D5-F1524CBC2D67}.Release|x64.Build.0 = Release|Any CPU
		{B4E0C6BE-7A30-48B6-91D5-F1524CBC2D67}.Release|x86.ActiveCfg = Release|Any CPU
		{B4E0C6BE-7A30-48B6-91D5-F1524CBC2D67}.Release|x86.Build.0 = Release|Any CPU
		{2DD63288-BCD3-440E-B198-AFD769B5D80D}.Debug|Any CPU.ActiveCfg = Debug|Any CPU
		{2DD63288-BCD3-440E-B198-AFD769B5D80D}.Debug|Any CPU.Build.0 = Debug|Any CPU
		{2DD63288-BCD3-440E-B198-AFD769B5D80D}.Debug|x64.ActiveCfg = Debug|Any CPU
		{2DD63288-BCD3-440E-B198-AFD769B5D80D}.Debug|x64.Build.0 = Debug|Any CPU
		{2DD63288-BCD3-440E-B198-AFD769B5D80D}.Debug|x86.ActiveCfg = Debug|Any CPU
		{2DD63288-BCD3-440E-B198-AFD769B5D80D}.Debug|x86.Build.0 = Debug|Any CPU
		{2DD63288-BCD3-440E-B198-AFD769B5D80D}.Release|Any CPU.ActiveCfg = Release|Any CPU
		{2DD63288-BCD3-440E-B198-AFD769B5D80D}.Release|Any CPU.Build.0 = Release|Any CPU
		{2DD63288-BCD3-440E-B198-AFD769B5D80D}.Release|x64.ActiveCfg = Release|Any CPU
		{2DD63288-BCD3-440E-B198-AFD769B5D80D}.Release|x64.Build.0 = Release|Any CPU
		{2DD63288-BCD3-440E-B198-AFD769B5D80D}.Release|x86.ActiveCfg = Release|Any CPU
		{2DD63288-BCD3-440E-B198-AFD769B5D80D}.Release|x86.Build.0 = Release|Any CPU
		{E2FF3D1B-7512-4C34-A672-58DEB494C8C2}.Debug|Any CPU.ActiveCfg = Debug|Any CPU
		{E2FF3D1B-7512-4C34-A672-58DEB494C8C2}.Debug|Any CPU.Build.0 = Debug|Any CPU
		{E2FF3D1B-7512-4C34-A672-58DEB494C8C2}.Debug|x64.ActiveCfg = Debug|Any CPU
		{E2FF3D1B-7512-4C34-A672-58DEB494C8C2}.Debug|x64.Build.0 = Debug|Any CPU
		{E2FF3D1B-7512-4C34-A672-58DEB494C8C2}.Debug|x86.ActiveCfg = Debug|Any CPU
		{E2FF3D1B-7512-4C34-A672-58DEB494C8C2}.Debug|x86.Build.0 = Debug|Any CPU
		{E2FF3D1B-7512-4C34-A672-58DEB494C8C2}.Release|Any CPU.ActiveCfg = Release|Any CPU
		{E2FF3D1B-7512-4C34-A672-58DEB494C8C2}.Release|Any CPU.Build.0 = Release|Any CPU
		{E2FF3D1B-7512-4C34-A672-58DEB494C8C2}.Release|x64.ActiveCfg = Release|Any CPU
		{E2FF3D1B-7512-4C34-A672-58DEB494C8C2}.Release|x64.Build.0 = Release|Any CPU
		{E2FF3D1B-7512-4C34-A672-58DEB494C8C2}.Release|x86.ActiveCfg = Release|Any CPU
		{E2FF3D1B-7512-4C34-A672-58DEB494C8C2}.Release|x86.Build.0 = Release|Any CPU
		{589C9588-2BFC-499B-86A6-326D306F1283}.Debug|Any CPU.ActiveCfg = Debug|Any CPU
		{589C9588-2BFC-499B-86A6-326D306F1283}.Debug|Any CPU.Build.0 = Debug|Any CPU
		{589C9588-2BFC-499B-86A6-326D306F1283}.Debug|x64.ActiveCfg = Debug|Any CPU
		{589C9588-2BFC-499B-86A6-326D306F1283}.Debug|x64.Build.0 = Debug|Any CPU
		{589C9588-2BFC-499B-86A6-326D306F1283}.Debug|x86.ActiveCfg = Debug|Any CPU
		{589C9588-2BFC-499B-86A6-326D306F1283}.Debug|x86.Build.0 = Debug|Any CPU
		{589C9588-2BFC-499B-86A6-326D306F1283}.Release|Any CPU.ActiveCfg = Release|Any CPU
		{589C9588-2BFC-499B-86A6-326D306F1283}.Release|Any CPU.Build.0 = Release|Any CPU
		{589C9588-2BFC-499B-86A6-326D306F1283}.Release|x64.ActiveCfg = Release|Any CPU
		{589C9588-2BFC-499B-86A6-326D306F1283}.Release|x64.Build.0 = Release|Any CPU
		{589C9588-2BFC-499B-86A6-326D306F1283}.Release|x86.ActiveCfg = Release|Any CPU
		{589C9588-2BFC-499B-86A6-326D306F1283}.Release|x86.Build.0 = Release|Any CPU
		{B7C1C59B-1746-4F8F-81FF-8C20434BE311}.Debug|Any CPU.ActiveCfg = Debug|Any CPU
		{B7C1C59B-1746-4F8F-81FF-8C20434BE311}.Debug|Any CPU.Build.0 = Debug|Any CPU
		{B7C1C59B-1746-4F8F-81FF-8C20434BE311}.Debug|x64.ActiveCfg = Debug|Any CPU
		{B7C1C59B-1746-4F8F-81FF-8C20434BE311}.Debug|x64.Build.0 = Debug|Any CPU
		{B7C1C59B-1746-4F8F-81FF-8C20434BE311}.Debug|x86.ActiveCfg = Debug|Any CPU
		{B7C1C59B-1746-4F8F-81FF-8C20434BE311}.Debug|x86.Build.0 = Debug|Any CPU
		{B7C1C59B-1746-4F8F-81FF-8C20434BE311}.Release|Any CPU.ActiveCfg = Release|Any CPU
		{B7C1C59B-1746-4F8F-81FF-8C20434BE311}.Release|Any CPU.Build.0 = Release|Any CPU
		{B7C1C59B-1746-4F8F-81FF-8C20434BE311}.Release|x64.ActiveCfg = Release|Any CPU
		{B7C1C59B-1746-4F8F-81FF-8C20434BE311}.Release|x64.Build.0 = Release|Any CPU
		{B7C1C59B-1746-4F8F-81FF-8C20434BE311}.Release|x86.ActiveCfg = Release|Any CPU
		{B7C1C59B-1746-4F8F-81FF-8C20434BE311}.Release|x86.Build.0 = Release|Any CPU
		{9904B6D8-C2A4-4871-8272-9B6B41C16B89}.Debug|Any CPU.ActiveCfg = Debug|Any CPU
		{9904B6D8-C2A4-4871-8272-9B6B41C16B89}.Debug|Any CPU.Build.0 = Debug|Any CPU
		{9904B6D8-C2A4-4871-8272-9B6B41C16B89}.Debug|x64.ActiveCfg = Debug|Any CPU
		{9904B6D8-C2A4-4871-8272-9B6B41C16B89}.Debug|x64.Build.0 = Debug|Any CPU
		{9904B6D8-C2A4-4871-8272-9B6B41C16B89}.Debug|x86.ActiveCfg = Debug|Any CPU
		{9904B6D8-C2A4-4871-8272-9B6B41C16B89}.Debug|x86.Build.0 = Debug|Any CPU
		{9904B6D8-C2A4-4871-8272-9B6B41C16B89}.Release|Any CPU.ActiveCfg = Release|Any CPU
		{9904B6D8-C2A4-4871-8272-9B6B41C16B89}.Release|Any CPU.Build.0 = Release|Any CPU
		{9904B6D8-C2A4-4871-8272-9B6B41C16B89}.Release|x64.ActiveCfg = Release|Any CPU
		{9904B6D8-C2A4-4871-8272-9B6B41C16B89}.Release|x64.Build.0 = Release|Any CPU
		{9904B6D8-C2A4-4871-8272-9B6B41C16B89}.Release|x86.ActiveCfg = Release|Any CPU
		{9904B6D8-C2A4-4871-8272-9B6B41C16B89}.Release|x86.Build.0 = Release|Any CPU
		{ACA5F0B3-E812-4415-A7C1-7561D706E4C6}.Debug|Any CPU.ActiveCfg = Debug|Any CPU
		{ACA5F0B3-E812-4415-A7C1-7561D706E4C6}.Debug|Any CPU.Build.0 = Debug|Any CPU
		{ACA5F0B3-E812-4415-A7C1-7561D706E4C6}.Debug|x64.ActiveCfg = Debug|Any CPU
		{ACA5F0B3-E812-4415-A7C1-7561D706E4C6}.Debug|x64.Build.0 = Debug|Any CPU
		{ACA5F0B3-E812-4415-A7C1-7561D706E4C6}.Debug|x86.ActiveCfg = Debug|Any CPU
		{ACA5F0B3-E812-4415-A7C1-7561D706E4C6}.Debug|x86.Build.0 = Debug|Any CPU
		{ACA5F0B3-E812-4415-A7C1-7561D706E4C6}.Release|Any CPU.ActiveCfg = Release|Any CPU
		{ACA5F0B3-E812-4415-A7C1-7561D706E4C6}.Release|Any CPU.Build.0 = Release|Any CPU
		{ACA5F0B3-E812-4415-A7C1-7561D706E4C6}.Release|x64.ActiveCfg = Release|Any CPU
		{ACA5F0B3-E812-4415-A7C1-7561D706E4C6}.Release|x64.Build.0 = Release|Any CPU
		{ACA5F0B3-E812-4415-A7C1-7561D706E4C6}.Release|x86.ActiveCfg = Release|Any CPU
		{ACA5F0B3-E812-4415-A7C1-7561D706E4C6}.Release|x86.Build.0 = Release|Any CPU
		{FD1A0522-4562-412F-8B79-82205E427E7B}.Debug|Any CPU.ActiveCfg = Debug|Any CPU
		{FD1A0522-4562-412F-8B79-82205E427E7B}.Debug|Any CPU.Build.0 = Debug|Any CPU
		{FD1A0522-4562-412F-8B79-82205E427E7B}.Debug|x64.ActiveCfg = Debug|Any CPU
		{FD1A0522-4562-412F-8B79-82205E427E7B}.Debug|x64.Build.0 = Debug|Any CPU
		{FD1A0522-4562-412F-8B79-82205E427E7B}.Debug|x86.ActiveCfg = Debug|Any CPU
		{FD1A0522-4562-412F-8B79-82205E427E7B}.Debug|x86.Build.0 = Debug|Any CPU
		{FD1A0522-4562-412F-8B79-82205E427E7B}.Release|Any CPU.ActiveCfg = Release|Any CPU
		{FD1A0522-4562-412F-8B79-82205E427E7B}.Release|Any CPU.Build.0 = Release|Any CPU
		{FD1A0522-4562-412F-8B79-82205E427E7B}.Release|x64.ActiveCfg = Release|Any CPU
		{FD1A0522-4562-412F-8B79-82205E427E7B}.Release|x64.Build.0 = Release|Any CPU
		{FD1A0522-4562-412F-8B79-82205E427E7B}.Release|x86.ActiveCfg = Release|Any CPU
		{FD1A0522-4562-412F-8B79-82205E427E7B}.Release|x86.Build.0 = Release|Any CPU
		{E0FDCF61-E269-43A2-8311-BB0D2846D907}.Debug|Any CPU.ActiveCfg = Debug|Any CPU
		{E0FDCF61-E269-43A2-8311-BB0D2846D907}.Debug|Any CPU.Build.0 = Debug|Any CPU
		{E0FDCF61-E269-43A2-8311-BB0D2846D907}.Debug|x64.ActiveCfg = Debug|Any CPU
		{E0FDCF61-E269-43A2-8311-BB0D2846D907}.Debug|x64.Build.0 = Debug|Any CPU
		{E0FDCF61-E269-43A2-8311-BB0D2846D907}.Debug|x86.ActiveCfg = Debug|Any CPU
		{E0FDCF61-E269-43A2-8311-BB0D2846D907}.Debug|x86.Build.0 = Debug|Any CPU
		{E0FDCF61-E269-43A2-8311-BB0D2846D907}.Release|Any CPU.ActiveCfg = Release|Any CPU
		{E0FDCF61-E269-43A2-8311-BB0D2846D907}.Release|Any CPU.Build.0 = Release|Any CPU
		{E0FDCF61-E269-43A2-8311-BB0D2846D907}.Release|x64.ActiveCfg = Release|Any CPU
		{E0FDCF61-E269-43A2-8311-BB0D2846D907}.Release|x64.Build.0 = Release|Any CPU
		{E0FDCF61-E269-43A2-8311-BB0D2846D907}.Release|x86.ActiveCfg = Release|Any CPU
		{E0FDCF61-E269-43A2-8311-BB0D2846D907}.Release|x86.Build.0 = Release|Any CPU
		{F891FF7D-FC01-41A1-8CDC-50F9E6A22FA4}.Debug|Any CPU.ActiveCfg = Debug|Any CPU
		{F891FF7D-FC01-41A1-8CDC-50F9E6A22FA4}.Debug|Any CPU.Build.0 = Debug|Any CPU
		{F891FF7D-FC01-41A1-8CDC-50F9E6A22FA4}.Debug|x64.ActiveCfg = Debug|Any CPU
		{F891FF7D-FC01-41A1-8CDC-50F9E6A22FA4}.Debug|x64.Build.0 = Debug|Any CPU
		{F891FF7D-FC01-41A1-8CDC-50F9E6A22FA4}.Debug|x86.ActiveCfg = Debug|Any CPU
		{F891FF7D-FC01-41A1-8CDC-50F9E6A22FA4}.Debug|x86.Build.0 = Debug|Any CPU
		{F891FF7D-FC01-41A1-8CDC-50F9E6A22FA4}.Release|Any CPU.ActiveCfg = Release|Any CPU
		{F891FF7D-FC01-41A1-8CDC-50F9E6A22FA4}.Release|Any CPU.Build.0 = Release|Any CPU
		{F891FF7D-FC01-41A1-8CDC-50F9E6A22FA4}.Release|x64.ActiveCfg = Release|Any CPU
		{F891FF7D-FC01-41A1-8CDC-50F9E6A22FA4}.Release|x64.Build.0 = Release|Any CPU
		{F891FF7D-FC01-41A1-8CDC-50F9E6A22FA4}.Release|x86.ActiveCfg = Release|Any CPU
		{F891FF7D-FC01-41A1-8CDC-50F9E6A22FA4}.Release|x86.Build.0 = Release|Any CPU
		{221F46CE-0EE6-4CC8-A299-4C9ABBEBA2AC}.Debug|Any CPU.ActiveCfg = Debug|Any CPU
		{221F46CE-0EE6-4CC8-A299-4C9ABBEBA2AC}.Debug|Any CPU.Build.0 = Debug|Any CPU
		{221F46CE-0EE6-4CC8-A299-4C9ABBEBA2AC}.Debug|x64.ActiveCfg = Debug|Any CPU
		{221F46CE-0EE6-4CC8-A299-4C9ABBEBA2AC}.Debug|x64.Build.0 = Debug|Any CPU
		{221F46CE-0EE6-4CC8-A299-4C9ABBEBA2AC}.Debug|x86.ActiveCfg = Debug|Any CPU
		{221F46CE-0EE6-4CC8-A299-4C9ABBEBA2AC}.Debug|x86.Build.0 = Debug|Any CPU
		{221F46CE-0EE6-4CC8-A299-4C9ABBEBA2AC}.Release|Any CPU.ActiveCfg = Release|Any CPU
		{221F46CE-0EE6-4CC8-A299-4C9ABBEBA2AC}.Release|Any CPU.Build.0 = Release|Any CPU
		{221F46CE-0EE6-4CC8-A299-4C9ABBEBA2AC}.Release|x64.ActiveCfg = Release|Any CPU
		{221F46CE-0EE6-4CC8-A299-4C9ABBEBA2AC}.Release|x64.Build.0 = Release|Any CPU
		{221F46CE-0EE6-4CC8-A299-4C9ABBEBA2AC}.Release|x86.ActiveCfg = Release|Any CPU
		{221F46CE-0EE6-4CC8-A299-4C9ABBEBA2AC}.Release|x86.Build.0 = Release|Any CPU
		{7736E946-ED58-40BF-A182-C7E0EB9CB2A4}.Debug|Any CPU.ActiveCfg = Debug|Any CPU
		{7736E946-ED58-40BF-A182-C7E0EB9CB2A4}.Debug|Any CPU.Build.0 = Debug|Any CPU
		{7736E946-ED58-40BF-A182-C7E0EB9CB2A4}.Debug|x64.ActiveCfg = Debug|Any CPU
		{7736E946-ED58-40BF-A182-C7E0EB9CB2A4}.Debug|x64.Build.0 = Debug|Any CPU
		{7736E946-ED58-40BF-A182-C7E0EB9CB2A4}.Debug|x86.ActiveCfg = Debug|Any CPU
		{7736E946-ED58-40BF-A182-C7E0EB9CB2A4}.Debug|x86.Build.0 = Debug|Any CPU
		{7736E946-ED58-40BF-A182-C7E0EB9CB2A4}.Release|Any CPU.ActiveCfg = Release|Any CPU
		{7736E946-ED58-40BF-A182-C7E0EB9CB2A4}.Release|Any CPU.Build.0 = Release|Any CPU
		{7736E946-ED58-40BF-A182-C7E0EB9CB2A4}.Release|x64.ActiveCfg = Release|Any CPU
		{7736E946-ED58-40BF-A182-C7E0EB9CB2A4}.Release|x64.Build.0 = Release|Any CPU
		{7736E946-ED58-40BF-A182-C7E0EB9CB2A4}.Release|x86.ActiveCfg = Release|Any CPU
		{7736E946-ED58-40BF-A182-C7E0EB9CB2A4}.Release|x86.Build.0 = Release|Any CPU
		{65C0C7DB-3143-4708-B5E4-0E3F5B9CC65C}.Debug|Any CPU.ActiveCfg = Debug|Any CPU
		{65C0C7DB-3143-4708-B5E4-0E3F5B9CC65C}.Debug|Any CPU.Build.0 = Debug|Any CPU
		{65C0C7DB-3143-4708-B5E4-0E3F5B9CC65C}.Debug|x64.ActiveCfg = Debug|Any CPU
		{65C0C7DB-3143-4708-B5E4-0E3F5B9CC65C}.Debug|x64.Build.0 = Debug|Any CPU
		{65C0C7DB-3143-4708-B5E4-0E3F5B9CC65C}.Debug|x86.ActiveCfg = Debug|Any CPU
		{65C0C7DB-3143-4708-B5E4-0E3F5B9CC65C}.Debug|x86.Build.0 = Debug|Any CPU
		{65C0C7DB-3143-4708-B5E4-0E3F5B9CC65C}.Release|Any CPU.ActiveCfg = Release|Any CPU
		{65C0C7DB-3143-4708-B5E4-0E3F5B9CC65C}.Release|Any CPU.Build.0 = Release|Any CPU
		{65C0C7DB-3143-4708-B5E4-0E3F5B9CC65C}.Release|x64.ActiveCfg = Release|Any CPU
		{65C0C7DB-3143-4708-B5E4-0E3F5B9CC65C}.Release|x64.Build.0 = Release|Any CPU
		{65C0C7DB-3143-4708-B5E4-0E3F5B9CC65C}.Release|x86.ActiveCfg = Release|Any CPU
		{65C0C7DB-3143-4708-B5E4-0E3F5B9CC65C}.Release|x86.Build.0 = Release|Any CPU
	EndGlobalSection
	GlobalSection(SolutionProperties) = preSolution
		HideSolutionNode = FALSE
	EndGlobalSection
	GlobalSection(NestedProjects) = preSolution
		{8C241820-C88A-41AF-A420-3261786FBB8F} = {D0C490EE-0ACE-45C9-B592-342BB7F79A7C}
		{441B5D77-7F84-4A41-B965-C4CD8514F7AA} = {D0C490EE-0ACE-45C9-B592-342BB7F79A7C}
		{6A1E0414-7823-4897-BFB6-2548854E5F93} = {D0C490EE-0ACE-45C9-B592-342BB7F79A7C}
		{9159953B-7CE9-4389-9E12-AEF47390E743} = {D0C490EE-0ACE-45C9-B592-342BB7F79A7C}
		{E6B00C8F-5A28-4664-B8F7-631BB7A971D0} = {D0C490EE-0ACE-45C9-B592-342BB7F79A7C}
		{47D23986-D30F-4133-8158-9035E9756150} = {D0C490EE-0ACE-45C9-B592-342BB7F79A7C}
		{B8171F2F-9EB3-4B6D-9103-560E733C71EC} = {D0C490EE-0ACE-45C9-B592-342BB7F79A7C}
		{A1B2C3D4-E5F6-7890-ABCD-EF1234567890} = {D0C490EE-0ACE-45C9-B592-342BB7F79A7C}
		{CBE79B89-A199-4A9C-A2FF-8DEAC7288F0A} = {70566D49-9AF4-40FA-A1B1-6AF8A81B21E1}
		{9EAEF31B-2A93-4B36-A19C-E9E311ECB072} = {70566D49-9AF4-40FA-A1B1-6AF8A81B21E1}
		{EDCC6243-9884-40F9-B1EB-B3906FFAC058} = {70566D49-9AF4-40FA-A1B1-6AF8A81B21E1}
		{F1E2D3C4-B5A6-9078-DCBA-FE0987654321} = {70566D49-9AF4-40FA-A1B1-6AF8A81B21E1}
		{874FE61C-526D-4B8F-A5B7-736FA9408CB6} = {8AC72884-D6CE-9C06-F2FC-60C61972EEB5}
		{18815A29-6A10-4ADE-AE43-228C4CB33D29} = {70566D49-9AF4-40FA-A1B1-6AF8A81B21E1}
		{8D665B76-187E-4A99-93B6-414529566C54} = {8AC72884-D6CE-9C06-F2FC-60C61972EEB5}
		{5EC2BE91-8C2C-4D1F-BF17-BAC591119FEE} = {70566D49-9AF4-40FA-A1B1-6AF8A81B21E1}
		{6AAFAA8E-B702-43D9-9A74-1084BA64F3A4} = {8AC72884-D6CE-9C06-F2FC-60C61972EEB5}
		{56AFD09F-2042-485F-9869-5465E7F69E46} = {70566D49-9AF4-40FA-A1B1-6AF8A81B21E1}
		{82C62EA7-402C-4CFA-A1A6-243F8804D8F6} = {8AC72884-D6CE-9C06-F2FC-60C61972EEB5}
		{233DF4A5-1A38-43E0-AD1A-A82414B89D32} = {70566D49-9AF4-40FA-A1B1-6AF8A81B21E1}
		{BB9DB0FE-5372-4D15-8F1C-90318BD9384B} = {8AC72884-D6CE-9C06-F2FC-60C61972EEB5}
		{7F7EA8C8-1B1D-416E-B648-C2E188CB91C7} = {70566D49-9AF4-40FA-A1B1-6AF8A81B21E1}
		{1E44BEEC-5715-442F-AC8A-62A709FA5AA6} = {8AC72884-D6CE-9C06-F2FC-60C61972EEB5}
		{06AA2865-E1D4-4511-8C72-D3E8420E12EA} = {8AC72884-D6CE-9C06-F2FC-60C61972EEB5}
		{B1AD857D-23FE-4BE2-86D9-7907D9227FCD} = {8AC72884-D6CE-9C06-F2FC-60C61972EEB5}
		{C0358ABD-4BE5-40E8-8B6F-4B6D558A173B} = {70566D49-9AF4-40FA-A1B1-6AF8A81B21E1}
		{54F3AA55-12EE-44CB-BECD-3EBF317B5529} = {70566D49-9AF4-40FA-A1B1-6AF8A81B21E1}
		{696E8393-621B-4F92-A722-5D13F30FB222} = {808186BE-9BD0-DD1D-D574-36EEAD1E7F8F}
		{74F0C00C-0CA0-4CD3-8EBD-2D37EF878990} = {B36A84DF-456D-A817-6EDD-3EC3E7F6E11F}
		{D1BABE54-050D-4554-ACDB-40183634213B} = {70566D49-9AF4-40FA-A1B1-6AF8A81B21E1}
		{4B7314DC-9B0A-4343-8CE2-6A8733FEF41F} = {D0C490EE-0ACE-45C9-B592-342BB7F79A7C}
		{F8EC29CD-0766-498D-AB44-1C8B6C96AB0A} = {70566D49-9AF4-40FA-A1B1-6AF8A81B21E1}
		{E6C8B05A-7C53-4185-9893-4EBB921022CC} = {70566D49-9AF4-40FA-A1B1-6AF8A81B21E1}
		{78C506F7-F289-49B4-8191-B258E393B61B} = {D0C490EE-0ACE-45C9-B592-342BB7F79A7C}
		{6669E857-3E45-43F1-BAB0-162018D4C2FA} = {D0C490EE-0ACE-45C9-B592-342BB7F79A7C}
		{8A1A3AE5-B7F9-4ED4-A12B-0A7ADF27184C} = {D0C490EE-0ACE-45C9-B592-342BB7F79A7C}
		{4378F071-0948-4FB6-A6DC-E7A4F41C5CDB} = {D0C490EE-0ACE-45C9-B592-342BB7F79A7C}
		{F5E9B74E-7C3D-45DD-9B11-E7993F63F15D} = {D0C490EE-0ACE-45C9-B592-342BB7F79A7C}
		{602A3D2A-18AD-4F38-8D00-F78D997010FE} = {70566D49-9AF4-40FA-A1B1-6AF8A81B21E1}
		{5EE946B5-877F-437D-9B54-A4188215A75C} = {8AC72884-D6CE-9C06-F2FC-60C61972EEB5}
		{E2B0F489-96CE-4666-8DAB-075D0C945E65} = {70566D49-9AF4-40FA-A1B1-6AF8A81B21E1}
		{F50F0BE6-D3AB-49E1-8A4C-FA31F0B2238E} = {8AC72884-D6CE-9C06-F2FC-60C61972EEB5}
		{691F5339-873D-4B8E-B57F-E9DFC5B65F95} = {70566D49-9AF4-40FA-A1B1-6AF8A81B21E1}
		{C7D0963A-F40B-47F4-A30D-183DC797EACE} = {8AC72884-D6CE-9C06-F2FC-60C61972EEB5}
		{DA56BDAF-96BE-495C-AAA8-9EFB8D462442} = {70566D49-9AF4-40FA-A1B1-6AF8A81B21E1}
		{CC4DE0CF-93BC-4CEF-8432-606B158FC5EE} = {8AC72884-D6CE-9C06-F2FC-60C61972EEB5}
		{B3C32B2B-D54F-40D3-81A6-63F828ED8BDA} = {70566D49-9AF4-40FA-A1B1-6AF8A81B21E1}
		{B4E0C6BE-7A30-48B6-91D5-F1524CBC2D67} = {8AC72884-D6CE-9C06-F2FC-60C61972EEB5}
		{2DD63288-BCD3-440E-B198-AFD769B5D80D} = {70566D49-9AF4-40FA-A1B1-6AF8A81B21E1}
		{E2FF3D1B-7512-4C34-A672-58DEB494C8C2} = {8AC72884-D6CE-9C06-F2FC-60C61972EEB5}
		{589C9588-2BFC-499B-86A6-326D306F1283} = {70566D49-9AF4-40FA-A1B1-6AF8A81B21E1}
		{B7C1C59B-1746-4F8F-81FF-8C20434BE311} = {8AC72884-D6CE-9C06-F2FC-60C61972EEB5}
		{9904B6D8-C2A4-4871-8272-9B6B41C16B89} = {70566D49-9AF4-40FA-A1B1-6AF8A81B21E1}
		{ACA5F0B3-E812-4415-A7C1-7561D706E4C6} = {8AC72884-D6CE-9C06-F2FC-60C61972EEB5}
		{FD1A0522-4562-412F-8B79-82205E427E7B} = {70566D49-9AF4-40FA-A1B1-6AF8A81B21E1}
		{E0FDCF61-E269-43A2-8311-BB0D2846D907} = {8AC72884-D6CE-9C06-F2FC-60C61972EEB5}
		{F891FF7D-FC01-41A1-8CDC-50F9E6A22FA4} = {70566D49-9AF4-40FA-A1B1-6AF8A81B21E1}
		{221F46CE-0EE6-4CC8-A299-4C9ABBEBA2AC} = {8AC72884-D6CE-9C06-F2FC-60C61972EEB5}
		{7736E946-ED58-40BF-A182-C7E0EB9CB2A4} = {70566D49-9AF4-40FA-A1B1-6AF8A81B21E1}
		{65C0C7DB-3143-4708-B5E4-0E3F5B9CC65C} = {D0C490EE-0ACE-45C9-B592-342BB7F79A7C}
	EndGlobalSection
EndGlobal
