
Microsoft Visual Studio Solution File, Format Version 12.00
# Visual Studio Version 17
VisualStudioVersion = 17.0.31903.59
MinimumVisualStudioVersion = 10.0.40219.1
Project("{2150E333-8FDC-42A3-9474-1A3956D46DE8}") = "src", "src", "{D0C490EE-0ACE-45C9-B592-342BB7F79A7C}"
EndProject
Project("{FAE04EC0-301F-11D3-BF4B-00C04F79EFBC}") = "KrakenDeploy.Server", "src\KrakenDeploy.Server\KrakenDeploy.Server.csproj", "{8C241820-C88A-41AF-A420-3261786FBB8F}"
EndProject
Project("{FAE04EC0-301F-11D3-BF4B-00C04F79EFBC}") = "KrakenDeploy.Server.Core", "src\KrakenDeploy.Server.Core\KrakenDeploy.Server.Core.csproj", "{441B5D77-7F84-4A41-B965-C4CD8514F7AA}"
EndProject
Project("{FAE04EC0-301F-11D3-BF4B-00C04F79EFBC}") = "KrakenDeploy.Server.Data", "src\KrakenDeploy.Server.Data\KrakenDeploy.Server.Data.csproj", "{6A1E0414-7823-4897-BFB6-2548854E5F93}"
EndProject
Project("{FAE04EC0-301F-11D3-BF4B-00C04F79EFBC}") = "KrakenDeploy.Server.Transport", "src\KrakenDeploy.Server.Transport\KrakenDeploy.Server.Transport.csproj", "{9159953B-7CE9-4389-9E12-AEF47390E743}"
EndProject
Project("{FAE04EC0-301F-11D3-BF4B-00C04F79EFBC}") = "KrakenDeploy.Agent", "src\KrakenDeploy.Agent\KrakenDeploy.Agent.csproj", "{E6B00C8F-5A28-4664-B8F7-631BB7A971D0}"
EndProject
Project("{FAE04EC0-301F-11D3-BF4B-00C04F79EFBC}") = "KrakenDeploy.Agent.Transport", "src\KrakenDeploy.Agent.Transport\KrakenDeploy.Agent.Transport.csproj", "{47D23986-D30F-4133-8158-9035E9756150}"
EndProject
Project("{FAE04EC0-301F-11D3-BF4B-00C04F79EFBC}") = "KrakenDeploy.Contracts", "src\KrakenDeploy.Contracts\KrakenDeploy.Contracts.csproj", "{B8171F2F-9EB3-4B6D-9103-560E733C71EC}"
EndProject
Project("{FAE04EC0-301F-11D3-BF4B-00C04F79EFBC}") = "KrakenDeploy.Cli", "src\KrakenDeploy.Cli\KrakenDeploy.Cli.csproj", "{A1B2C3D4-E5F6-7890-ABCD-EF1234567890}"
EndProject
Project("{2150E333-8FDC-42A3-9474-1A3956D46DE8}") = "tests", "tests", "{70566D49-9AF4-40FA-A1B1-6AF8A81B21E1}"
EndProject
Project("{FAE04EC0-301F-11D3-BF4B-00C04F79EFBC}") = "KrakenDeploy.Server.Core.Tests", "tests\KrakenDeploy.Server.Core.Tests\KrakenDeploy.Server.Core.Tests.csproj", "{CBE79B89-A199-4A9C-A2FF-8DEAC7288F0A}"
EndProject
Project("{FAE04EC0-301F-11D3-BF4B-00C04F79EFBC}") = "KrakenDeploy.Server.Data.Tests", "tests\KrakenDeploy.Server.Data.Tests\KrakenDeploy.Server.Data.Tests.csproj", "{9EAEF31B-2A93-4B36-A19C-E9E311ECB072}"
EndProject
Project("{FAE04EC0-301F-11D3-BF4B-00C04F79EFBC}") = "KrakenDeploy.Agent.Tests", "tests\KrakenDeploy.Agent.Tests\KrakenDeploy.Agent.Tests.csproj", "{EDCC6243-9884-40F9-B1EB-B3906FFAC058}"
EndProject
Project("{FAE04EC0-301F-11D3-BF4B-00C04F79EFBC}") = "KrakenDeploy.Cli.Tests", "tests\KrakenDeploy.Cli.Tests\KrakenDeploy.Cli.Tests.csproj", "{F1E2D3C4-B5A6-9078-DCBA-FE0987654321}"
EndProject
Project("{2150E333-8FDC-42A3-9474-1A3956D46DE8}") = "steps", "steps", "{8AC72884-D6CE-9C06-F2FC-60C61972EEB5}"
EndProject
Project("{FAE04EC0-301F-11D3-BF4B-00C04F79EFBC}") = "KrakenDeploy.Steps.Manual", "steps\KrakenDeploy.Steps.Manual\KrakenDeploy.Steps.Manual.csproj", "{874FE61C-526D-4B8F-A5B7-736FA9408CB6}"
EndProject
Project("{FAE04EC0-301F-11D3-BF4B-00C04F79EFBC}") = "KrakenDeploy.Steps.Manual.Tests", "tests\KrakenDeploy.Steps.Manual.Tests\KrakenDeploy.Steps.Manual.Tests.csproj", "{18815A29-6A10-4ADE-AE43-228C4CB33D29}"
EndProject
Project("{FAE04EC0-301F-11D3-BF4B-00C04F79EFBC}") = "KrakenDeploy.Steps.SubstituteVariables", "steps\KrakenDeploy.Steps.SubstituteVariables\KrakenDeploy.Steps.SubstituteVariables.csproj", "{8D665B76-187E-4A99-93B6-414529566C54}"
EndProject
Project("{FAE04EC0-301F-11D3-BF4B-00C04F79EFBC}") = "KrakenDeploy.Steps.SubstituteVariables.Tests", "tests\KrakenDeploy.Steps.SubstituteVariables.Tests\KrakenDeploy.Steps.SubstituteVariables.Tests.csproj", "{5EC2BE91-8C2C-4D1F-BF17-BAC591119FEE}"
EndProject
Project("{FAE04EC0-301F-11D3-BF4B-00C04F79EFBC}") = "KrakenDeploy.Steps.FileTransform", "steps\KrakenDeploy.Steps.FileTransform\KrakenDeploy.Steps.FileTransform.csproj", "{6AAFAA8E-B702-43D9-9A74-1084BA64F3A4}"
EndProject
Project("{FAE04EC0-301F-11D3-BF4B-00C04F79EFBC}") = "KrakenDeploy.Steps.FileTransform.Tests", "tests\KrakenDeploy.Steps.FileTransform.Tests\KrakenDeploy.Steps.FileTransform.Tests.csproj", "{56AFD09F-2042-485F-9869-5465E7F69E46}"
EndProject
Global
	GlobalSection(SolutionConfigurationPlatforms) = preSolution
		Debug|Any CPU = Debug|Any CPU
		Debug|x64 = Debug|x64
		Debug|x86 = Debug|x86
		Release|Any CPU = Release|Any CPU
		Release|x64 = Release|x64
		Release|x86 = Release|x86
	EndGlobalSection
	GlobalSection(ProjectConfigurationPlatforms) = postSolution
		{8C241820-C88A-41AF-A420-3261786FBB8F}.Debug|Any CPU.ActiveCfg = Debug|Any CPU
		{8C241820-C88A-41AF-A420-3261786FBB8F}.Debug|Any CPU.Build.0 = Debug|Any CPU
		{8C241820-C88A-41AF-A420-3261786FBB8F}.Debug|x64.ActiveCfg = Debug|Any CPU
		{8C241820-C88A-41AF-A420-3261786FBB8F}.Debug|x64.Build.0 = Debug|Any CPU
		{8C241820-C88A-41AF-A420-3261786FBB8F}.Debug|x86.ActiveCfg = Debug|Any CPU
		{8C241820-C88A-41AF-A420-3261786FBB8F}.Debug|x86.Build.0 = Debug|Any CPU
		{8C241820-C88A-41AF-A420-3261786FBB8F}.Release|Any CPU.ActiveCfg = Release|Any CPU
		{8C241820-C88A-41AF-A420-3261786FBB8F}.Release|Any CPU.Build.0 = Release|Any CPU
		{8C241820-C88A-41AF-A420-3261786FBB8F}.Release|x64.ActiveCfg = Release|Any CPU
		{8C241820-C88A-41AF-A420-3261786FBB8F}.Release|x64.Build.0 = Release|Any CPU
		{8C241820-C88A-41AF-A420-3261786FBB8F}.Release|x86.ActiveCfg = Release|Any CPU
		{8C241820-C88A-41AF-A420-3261786FBB8F}.Release|x86.Build.0 = Release|Any CPU
		{441B5D77-7F84-4A41-B965-C4CD8514F7AA}.Debug|Any CPU.ActiveCfg = Debug|Any CPU
		{441B5D77-7F84-4A41-B965-C4CD8514F7AA}.Debug|Any CPU.Build.0 = Debug|Any CPU
		{441B5D77-7F84-4A41-B965-C4CD8514F7AA}.Debug|x64.ActiveCfg = Debug|Any CPU
		{441B5D77-7F84-4A41-B965-C4CD8514F7AA}.Debug|x64.Build.0 = Debug|Any CPU
		{441B5D77-7F84-4A41-B965-C4CD8514F7AA}.Debug|x86.ActiveCfg = Debug|Any CPU
		{441B5D77-7F84-4A41-B965-C4CD8514F7AA}.Debug|x86.Build.0 = Debug|Any CPU
		{441B5D77-7F84-4A41-B965-C4CD8514F7AA}.Release|Any CPU.ActiveCfg = Release|Any CPU
		{441B5D77-7F84-4A41-B965-C4CD8514F7AA}.Release|Any CPU.Build.0 = Release|Any CPU
		{441B5D77-7F84-4A41-B965-C4CD8514F7AA}.Release|x64.ActiveCfg = Release|Any CPU
		{441B5D77-7F84-4A41-B965-C4CD8514F7AA}.Release|x64.Build.0 = Release|Any CPU
		{441B5D77-7F84-4A41-B965-C4CD8514F7AA}.Release|x86.ActiveCfg = Release|Any CPU
		{441B5D77-7F84-4A41-B965-C4CD8514F7AA}.Release|x86.Build.0 = Release|Any CPU
		{6A1E0414-7823-4897-BFB6-2548854E5F93}.Debug|Any CPU.ActiveCfg = Debug|Any CPU
		{6A1E0414-7823-4897-BFB6-2548854E5F93}.Debug|Any CPU.Build.0 = Debug|Any CPU
		{6A1E0414-7823-4897-BFB6-2548854E5F93}.Debug|x64.ActiveCfg = Debug|Any CPU
		{6A1E0414-7823-4897-BFB6-2548854E5F93}.Debug|x64.Build.0 = Debug|Any CPU
		{6A1E0414-7823-4897-BFB6-2548854E5F93}.Debug|x86.ActiveCfg = Debug|Any CPU
		{6A1E0414-7823-4897-BFB6-2548854E5F93}.Debug|x86.Build.0 = Debug|Any CPU
		{6A1E0414-7823-4897-BFB6-2548854E5F93}.Release|Any CPU.ActiveCfg = Release|Any CPU
		{6A1E0414-7823-4897-BFB6-2548854E5F93}.Release|Any CPU.Build.0 = Release|Any CPU
		{6A1E0414-7823-4897-BFB6-2548854E5F93}.Release|x64.ActiveCfg = Release|Any CPU
		{6A1E0414-7823-4897-BFB6-2548854E5F93}.Release|x64.Build.0 = Release|Any CPU
		{6A1E0414-7823-4897-BFB6-2548854E5F93}.Release|x86.ActiveCfg = Release|Any CPU
		{6A1E0414-7823-4897-BFB6-2548854E5F93}.Release|x86.Build.0 = Release|Any CPU
		{9159953B-7CE9-4389-9E12-AEF47390E743}.Debug|Any CPU.ActiveCfg = Debug|Any CPU
		{9159953B-7CE9-4389-9E12-AEF47390E743}.Debug|Any CPU.Build.0 = Debug|Any CPU
		{9159953B-7CE9-4389-9E12-AEF47390E743}.Debug|x64.ActiveCfg = Debug|Any CPU
		{9159953B-7CE9-4389-9E12-AEF47390E743}.Debug|x64.Build.0 = Debug|Any CPU
		{9159953B-7CE9-4389-9E12-AEF47390E743}.Debug|x86.ActiveCfg = Debug|Any CPU
		{9159953B-7CE9-4389-9E12-AEF47390E743}.Debug|x86.Build.0 = Debug|Any CPU
		{9159953B-7CE9-4389-9E12-AEF47390E743}.Release|Any CPU.ActiveCfg = Release|Any CPU
		{9159953B-7CE9-4389-9E12-AEF47390E743}.Release|Any CPU.Build.0 = Release|Any CPU
		{9159953B-7CE9-4389-9E12-AEF47390E743}.Release|x64.ActiveCfg = Release|Any CPU
		{9159953B-7CE9-4389-9E12-AEF47390E743}.Release|x64.Build.0 = Release|Any CPU
		{9159953B-7CE9-4389-9E12-AEF47390E743}.Release|x86.ActiveCfg = Release|Any CPU
		{9159953B-7CE9-4389-9E12-AEF47390E743}.Release|x86.Build.0 = Release|Any CPU
		{E6B00C8F-5A28-4664-B8F7-631BB7A971D0}.Debug|Any CPU.ActiveCfg = Debug|Any CPU
		{E6B00C8F-5A28-4664-B8F7-631BB7A971D0}.Debug|Any CPU.Build.0 = Debug|Any CPU
		{E6B00C8F-5A28-4664-B8F7-631BB7A971D0}.Debug|x64.ActiveCfg = Debug|Any CPU
		{E6B00C8F-5A28-4664-B8F7-631BB7A971D0}.Debug|x64.Build.0 = Debug|Any CPU
		{E6B00C8F-5A28-4664-B8F7-631BB7A971D0}.Debug|x86.ActiveCfg = Debug|Any CPU
		{E6B00C8F-5A28-4664-B8F7-631BB7A971D0}.Debug|x86.Build.0 = Debug|Any CPU
		{E6B00C8F-5A28-4664-B8F7-631BB7A971D0}.Release|Any CPU.ActiveCfg = Release|Any CPU
		{E6B00C8F-5A28-4664-B8F7-631BB7A971D0}.Release|Any CPU.Build.0 = Release|Any CPU
		{E6B00C8F-5A28-4664-B8F7-631BB7A971D0}.Release|x64.ActiveCfg = Release|Any CPU
		{E6B00C8F-5A28-4664-B8F7-631BB7A971D0}.Release|x64.Build.0 = Release|Any CPU
		{E6B00C8F-5A28-4664-B8F7-631BB7A971D0}.Release|x86.ActiveCfg = Release|Any CPU
		{E6B00C8F-5A28-4664-B8F7-631BB7A971D0}.Release|x86.Build.0 = Release|Any CPU
		{47D23986-D30F-4133-8158-9035E9756150}.Debug|Any CPU.ActiveCfg = Debug|Any CPU
		{47D23986-D30F-4133-8158-9035E9756150}.Debug|Any CPU.Build.0 = Debug|Any CPU
		{47D23986-D30F-4133-8158-9035E9756150}.Debug|x64.ActiveCfg = Debug|Any CPU
		{47D23986-D30F-4133-8158-9035E9756150}.Debug|x64.Build.0 = Debug|Any CPU
		{47D23986-D30F-4133-8158-9035E9756150}.Debug|x86.ActiveCfg = Debug|Any CPU
		{47D23986-D30F-4133-8158-9035E9756150}.Debug|x86.Build.0 = Debug|Any CPU
		{47D23986-D30F-4133-8158-9035E9756150}.Release|Any CPU.ActiveCfg = Release|Any CPU
		{47D23986-D30F-4133-8158-9035E9756150}.Release|Any CPU.Build.0 = Release|Any CPU
		{47D23986-D30F-4133-8158-9035E9756150}.Release|x64.ActiveCfg = Release|Any CPU
		{47D23986-D30F-4133-8158-9035E9756150}.Release|x64.Build.0 = Release|Any CPU
		{47D23986-D30F-4133-8158-9035E9756150}.Release|x86.ActiveCfg = Release|Any CPU
		{47D23986-D30F-4133-8158-9035E9756150}.Release|x86.Build.0 = Release|Any CPU
		{B8171F2F-9EB3-4B6D-9103-560E733C71EC}.Debug|Any CPU.ActiveCfg = Debug|Any CPU
		{B8171F2F-9EB3-4B6D-9103-560E733C71EC}.Debug|Any CPU.Build.0 = Debug|Any CPU
		{B8171F2F-9EB3-4B6D-9103-560E733C71EC}.Debug|x64.ActiveCfg = Debug|Any CPU
		{B8171F2F-9EB3-4B6D-9103-560E733C71EC}.Debug|x64.Build.0 = Debug|Any CPU
		{B8171F2F-9EB3-4B6D-9103-560E733C71EC}.Debug|x86.ActiveCfg = Debug|Any CPU
		{B8171F2F-9EB3-4B6D-9103-560E733C71EC}.Debug|x86.Build.0 = Debug|Any CPU
		{B8171F2F-9EB3-4B6D-9103-560E733C71EC}.Release|Any CPU.ActiveCfg = Release|Any CPU
		{B8171F2F-9EB3-4B6D-9103-560E733C71EC}.Release|Any CPU.Build.0 = Release|Any CPU
		{B8171F2F-9EB3-4B6D-9103-560E733C71EC}.Release|x64.ActiveCfg = Release|Any CPU
		{B8171F2F-9EB3-4B6D-9103-560E733C71EC}.Release|x64.Build.0 = Release|Any CPU
		{B8171F2F-9EB3-4B6D-9103-560E733C71EC}.Release|x86.ActiveCfg = Release|Any CPU
		{B8171F2F-9EB3-4B6D-9103-560E733C71EC}.Release|x86.Build.0 = Release|Any CPU
		{A1B2C3D4-E5F6-7890-ABCD-EF1234567890}.Debug|Any CPU.ActiveCfg = Debug|Any CPU
		{A1B2C3D4-E5F6-7890-ABCD-EF1234567890}.Debug|Any CPU.Build.0 = Debug|Any CPU
		{A1B2C3D4-E5F6-7890-ABCD-EF1234567890}.Debug|x64.ActiveCfg = Debug|Any CPU
		{A1B2C3D4-E5F6-7890-ABCD-EF1234567890}.Debug|x64.Build.0 = Debug|Any CPU
		{A1B2C3D4-E5F6-7890-ABCD-EF1234567890}.Debug|x86.ActiveCfg = Debug|Any CPU
		{A1B2C3D4-E5F6-7890-ABCD-EF1234567890}.Debug|x86.Build.0 = Debug|Any CPU
		{A1B2C3D4-E5F6-7890-ABCD-EF1234567890}.Release|Any CPU.ActiveCfg = Release|Any CPU
		{A1B2C3D4-E5F6-7890-ABCD-EF1234567890}.Release|Any CPU.Build.0 = Release|Any CPU
		{A1B2C3D4-E5F6-7890-ABCD-EF1234567890}.Release|x64.ActiveCfg = Release|Any CPU
		{A1B2C3D4-E5F6-7890-ABCD-EF1234567890}.Release|x64.Build.0 = Release|Any CPU
		{A1B2C3D4-E5F6-7890-ABCD-EF1234567890}.Release|x86.ActiveCfg = Release|Any CPU
		{A1B2C3D4-E5F6-7890-ABCD-EF1234567890}.Release|x86.Build.0 = Release|Any CPU
		{CBE79B89-A199-4A9C-A2FF-8DEAC7288F0A}.Debug|Any CPU.ActiveCfg = Debug|Any CPU
		{CBE79B89-A199-4A9C-A2FF-8DEAC7288F0A}.Debug|Any CPU.Build.0 = Debug|Any CPU
		{CBE79B89-A199-4A9C-A2FF-8DEAC7288F0A}.Debug|x64.ActiveCfg = Debug|Any CPU
		{CBE79B89-A199-4A9C-A2FF-8DEAC7288F0A}.Debug|x64.Build.0 = Debug|Any CPU
		{CBE79B89-A199-4A9C-A2FF-8DEAC7288F0A}.Debug|x86.ActiveCfg = Debug|Any CPU
		{CBE79B89-A199-4A9C-A2FF-8DEAC7288F0A}.Debug|x86.Build.0 = Debug|Any CPU
		{CBE79B89-A199-4A9C-A2FF-8DEAC7288F0A}.Release|Any CPU.ActiveCfg = Release|Any CPU
		{CBE79B89-A199-4A9C-A2FF-8DEAC7288F0A}.Release|Any CPU.Build.0 = Release|Any CPU
		{CBE79B89-A199-4A9C-A2FF-8DEAC7288F0A}.Release|x64.ActiveCfg = Release|Any CPU
		{CBE79B89-A199-4A9C-A2FF-8DEAC7288F0A}.Release|x64.Build.0 = Release|Any CPU
		{CBE79B89-A199-4A9C-A2FF-8DEAC7288F0A}.Release|x86.ActiveCfg = Release|Any CPU
		{CBE79B89-A199-4A9C-A2FF-8DEAC7288F0A}.Release|x86.Build.0 = Release|Any CPU
		{9EAEF31B-2A93-4B36-A19C-E9E311ECB072}.Debug|Any CPU.ActiveCfg = Debug|Any CPU
		{9EAEF31B-2A93-4B36-A19C-E9E311ECB072}.Debug|Any CPU.Build.0 = Debug|Any CPU
		{9EAEF31B-2A93-4B36-A19C-E9E311ECB072}.Debug|x64.ActiveCfg = Debug|Any CPU
		{9EAEF31B-2A93-4B36-A19C-E9E311ECB072}.Debug|x64.Build.0 = Debug|Any CPU
		{9EAEF31B-2A93-4B36-A19C-E9E311ECB072}.Debug|x86.ActiveCfg = Debug|Any CPU
		{9EAEF31B-2A93-4B36-A19C-E9E311ECB072}.Debug|x86.Build.0 = Debug|Any CPU
		{9EAEF31B-2A93-4B36-A19C-E9E311ECB072}.Release|Any CPU.ActiveCfg = Release|Any CPU
		{9EAEF31B-2A93-4B36-A19C-E9E311ECB072}.Release|Any CPU.Build.0 = Release|Any CPU
		{9EAEF31B-2A93-4B36-A19C-E9E311ECB072}.Release|x64.ActiveCfg = Release|Any CPU
		{9EAEF31B-2A93-4B36-A19C-E9E311ECB072}.Release|x64.Build.0 = Release|Any CPU
		{9EAEF31B-2A93-4B36-A19C-E9E311ECB072}.Release|x86.ActiveCfg = Release|Any CPU
		{9EAEF31B-2A93-4B36-A19C-E9E311ECB072}.Release|x86.Build.0 = Release|Any CPU
		{EDCC6243-9884-40F9-B1EB-B3906FFAC058}.Debug|Any CPU.ActiveCfg = Debug|Any CPU
		{EDCC6243-9884-40F9-B1EB-B3906FFAC058}.Debug|Any CPU.Build.0 = Debug|Any CPU
		{EDCC6243-9884-40F9-B1EB-B3906FFAC058}.Debug|x64.ActiveCfg = Debug|Any CPU
		{EDCC6243-9884-40F9-B1EB-B3906FFAC058}.Debug|x64.Build.0 = Debug|Any CPU
		{EDCC6243-9884-40F9-B1EB-B3906FFAC058}.Debug|x86.ActiveCfg = Debug|Any CPU
		{EDCC6243-9884-40F9-B1EB-B3906FFAC058}.Debug|x86.Build.0 = Debug|Any CPU
		{EDCC6243-9884-40F9-B1EB-B3906FFAC058}.Release|Any CPU.ActiveCfg = Release|Any CPU
		{EDCC6243-9884-40F9-B1EB-B3906FFAC058}.Release|Any CPU.Build.0 = Release|Any CPU
		{EDCC6243-9884-40F9-B1EB-B3906FFAC058}.Release|x64.ActiveCfg = Release|Any CPU
		{EDCC6243-9884-40F9-B1EB-B3906FFAC058}.Release|x64.Build.0 = Release|Any CPU
		{EDCC6243-9884-40F9-B1EB-B3906FFAC058}.Release|x86.ActiveCfg = Release|Any CPU
		{EDCC6243-9884-40F9-B1EB-B3906FFAC058}.Release|x86.Build.0 = Release|Any CPU
		{F1E2D3C4-B5A6-9078-DCBA-FE0987654321}.Debug|Any CPU.ActiveCfg = Debug|Any CPU
		{F1E2D3C4-B5A6-9078-DCBA-FE0987654321}.Debug|Any CPU.Build.0 = Debug|Any CPU
		{F1E2D3C4-B5A6-9078-DCBA-FE0987654321}.Debug|x64.ActiveCfg = Debug|Any CPU
		{F1E2D3C4-B5A6-9078-DCBA-FE0987654321}.Debug|x64.Build.0 = Debug|Any CPU
		{F1E2D3C4-B5A6-9078-DCBA-FE0987654321}.Debug|x86.ActiveCfg = Debug|Any CPU
		{F1E2D3C4-B5A6-9078-DCBA-FE0987654321}.Debug|x86.Build.0 = Debug|Any CPU
		{F1E2D3C4-B5A6-9078-DCBA-FE0987654321}.Release|Any CPU.ActiveCfg = Release|Any CPU
		{F1E2D3C4-B5A6-9078-DCBA-FE0987654321}.Release|Any CPU.Build.0 = Release|Any CPU
		{F1E2D3C4-B5A6-9078-DCBA-FE0987654321}.Release|x64.ActiveCfg = Release|Any CPU
		{F1E2D3C4-B5A6-9078-DCBA-FE0987654321}.Release|x64.Build.0 = Release|Any CPU
		{F1E2D3C4-B5A6-9078-DCBA-FE0987654321}.Release|x86.ActiveCfg = Release|Any CPU
		{F1E2D3C4-B5A6-9078-DCBA-FE0987654321}.Release|x86.Build.0 = Release|Any CPU
		{874FE61C-526D-4B8F-A5B7-736FA9408CB6}.Debug|Any CPU.ActiveCfg = Debug|Any CPU
		{874FE61C-526D-4B8F-A5B7-736FA9408CB6}.Debug|Any CPU.Build.0 = Debug|Any CPU
		{874FE61C-526D-4B8F-A5B7-736FA9408CB6}.Debug|x64.ActiveCfg = Debug|Any CPU
		{874FE61C-526D-4B8F-A5B7-736FA9408CB6}.Debug|x64.Build.0 = Debug|Any CPU
		{874FE61C-526D-4B8F-A5B7-736FA9408CB6}.Debug|x86.ActiveCfg = Debug|Any CPU
		{874FE61C-526D-4B8F-A5B7-736FA9408CB6}.Debug|x86.Build.0 = Debug|Any CPU
		{874FE61C-526D-4B8F-A5B7-736FA9408CB6}.Release|Any CPU.ActiveCfg = Release|Any CPU
		{874FE61C-526D-4B8F-A5B7-736FA9408CB6}.Release|Any CPU.Build.0 = Release|Any CPU
		{874FE61C-526D-4B8F-A5B7-736FA9408CB6}.Release|x64.ActiveCfg = Release|Any CPU
		{874FE61C-526D-4B8F-A5B7-736FA9408CB6}.Release|x64.Build.0 = Release|Any CPU
		{874FE61C-526D-4B8F-A5B7-736FA9408CB6}.Release|x86.ActiveCfg = Release|Any CPU
		{874FE61C-526D-4B8F-A5B7-736FA9408CB6}.Release|x86.Build.0 = Release|Any CPU
		{18815A29-6A10-4ADE-AE43-228C4CB33D29}.Debug|Any CPU.ActiveCfg = Debug|Any CPU
		{18815A29-6A10-4ADE-AE43-228C4CB33D29}.Debug|Any CPU.Build.0 = Debug|Any CPU
		{18815A29-6A10-4ADE-AE43-228C4CB33D29}.Debug|x64.ActiveCfg = Debug|Any CPU
		{18815A29-6A10-4ADE-AE43-228C4CB33D29}.Debug|x64.Build.0 = Debug|Any CPU
		{18815A29-6A10-4ADE-AE43-228C4CB33D29}.Debug|x86.ActiveCfg = Debug|Any CPU
		{18815A29-6A10-4ADE-AE43-228C4CB33D29}.Debug|x86.Build.0 = Debug|Any CPU
		{18815A29-6A10-4ADE-AE43-228C4CB33D29}.Release|Any CPU.ActiveCfg = Release|Any CPU
		{18815A29-6A10-4ADE-AE43-228C4CB33D29}.Release|Any CPU.Build.0 = Release|Any CPU
		{18815A29-6A10-4ADE-AE43-228C4CB33D29}.Release|x64.ActiveCfg = Release|Any CPU
		{18815A29-6A10-4ADE-AE43-228C4CB33D29}.Release|x64.Build.0 = Release|Any CPU
		{18815A29-6A10-4ADE-AE43-228C4CB33D29}.Release|x86.ActiveCfg = Release|Any CPU
		{18815A29-6A10-4ADE-AE43-228C4CB33D29}.Release|x86.Build.0 = Release|Any CPU
		{8D665B76-187E-4A99-93B6-414529566C54}.Debug|Any CPU.ActiveCfg = Debug|Any CPU
		{8D665B76-187E-4A99-93B6-414529566C54}.Debug|Any CPU.Build.0 = Debug|Any CPU
		{8D665B76-187E-4A99-93B6-414529566C54}.Debug|x64.ActiveCfg = Debug|Any CPU
		{8D665B76-187E-4A99-93B6-414529566C54}.Debug|x64.Build.0 = Debug|Any CPU
		{8D665B76-187E-4A99-93B6-414529566C54}.Debug|x86.ActiveCfg = Debug|Any CPU
		{8D665B76-187E-4A99-93B6-414529566C54}.Debug|x86.Build.0 = Debug|Any CPU
		{8D665B76-187E-4A99-93B6-414529566C54}.Release|Any CPU.ActiveCfg = Release|Any CPU
		{8D665B76-187E-4A99-93B6-414529566C54}.Release|Any CPU.Build.0 = Release|Any CPU
		{8D665B76-187E-4A99-93B6-414529566C54}.Release|x64.ActiveCfg = Release|Any CPU
		{8D665B76-187E-4A99-93B6-414529566C54}.Release|x64.Build.0 = Release|Any CPU
		{8D665B76-187E-4A99-93B6-414529566C54}.Release|x86.ActiveCfg = Release|Any CPU
		{8D665B76-187E-4A99-93B6-414529566C54}.Release|x86.Build.0 = Release|Any CPU
		{5EC2BE91-8C2C-4D1F-BF17-BAC591119FEE}.Debug|Any CPU.ActiveCfg = Debug|Any CPU
		{5EC2BE91-8C2C-4D1F-BF17-BAC591119FEE}.Debug|Any CPU.Build.0 = Debug|Any CPU
		{5EC2BE91-8C2C-4D1F-BF17-BAC591119FEE}.Debug|x64.ActiveCfg = Debug|Any CPU
		{5EC2BE91-8C2C-4D1F-BF17-BAC591119FEE}.Debug|x64.Build.0 = Debug|Any CPU
		{5EC2BE91-8C2C-4D1F-BF17-BAC591119FEE}.Debug|x86.ActiveCfg = Debug|Any CPU
		{5EC2BE91-8C2C-4D1F-BF17-BAC591119FEE}.Debug|x86.Build.0 = Debug|Any CPU
		{5EC2BE91-8C2C-4D1F-BF17-BAC591119FEE}.Release|Any CPU.ActiveCfg = Release|Any CPU
		{5EC2BE91-8C2C-4D1F-BF17-BAC591119FEE}.Release|Any CPU.Build.0 = Release|Any CPU
		{5EC2BE91-8C2C-4D1F-BF17-BAC591119FEE}.Release|x64.ActiveCfg = Release|Any CPU
		{5EC2BE91-8C2C-4D1F-BF17-BAC591119FEE}.Release|x64.Build.0 = Release|Any CPU
		{5EC2BE91-8C2C-4D1F-BF17-BAC591119FEE}.Release|x86.ActiveCfg = Release|Any CPU
		{5EC2BE91-8C2C-4D1F-BF17-BAC591119FEE}.Release|x86.Build.0 = Release|Any CPU
		{6AAFAA8E-B702-43D9-9A74-1084BA64F3A4}.Debug|Any CPU.ActiveCfg = Debug|Any CPU
		{6AAFAA8E-B702-43D9-9A74-1084BA64F3A4}.Debug|Any CPU.Build.0 = Debug|Any CPU
		{6AAFAA8E-B702-43D9-9A74-1084BA64F3A4}.Debug|x64.ActiveCfg = Debug|Any CPU
		{6AAFAA8E-B702-43D9-9A74-1084BA64F3A4}.Debug|x64.Build.0 = Debug|Any CPU
		{6AAFAA8E-B702-43D9-9A74-1084BA64F3A4}.Debug|x86.ActiveCfg = Debug|Any CPU
		{6AAFAA8E-B702-43D9-9A74-1084BA64F3A4}.Debug|x86.Build.0 = Debug|Any CPU
		{6AAFAA8E-B702-43D9-9A74-1084BA64F3A4}.Release|Any CPU.ActiveCfg = Release|Any CPU
		{6AAFAA8E-B702-43D9-9A74-1084BA64F3A4}.Release|Any CPU.Build.0 = Release|Any CPU
		{6AAFAA8E-B702-43D9-9A74-1084BA64F3A4}.Release|x64.ActiveCfg = Release|Any CPU
		{6AAFAA8E-B702-43D9-9A74-1084BA64F3A4}.Release|x64.Build.0 = Release|Any CPU
		{6AAFAA8E-B702-43D9-9A74-1084BA64F3A4}.Release|x86.ActiveCfg = Release|Any CPU
		{6AAFAA8E-B702-43D9-9A74-1084BA64F3A4}.Release|x86.Build.0 = Release|Any CPU
		{56AFD09F-2042-485F-9869-5465E7F69E46}.Debug|Any CPU.ActiveCfg = Debug|Any CPU
		{56AFD09F-2042-485F-9869-5465E7F69E46}.Debug|Any CPU.Build.0 = Debug|Any CPU
		{56AFD09F-2042-485F-9869-5465E7F69E46}.Debug|x64.ActiveCfg = Debug|Any CPU
		{56AFD09F-2042-485F-9869-5465E7F69E46}.Debug|x64.Build.0 = Debug|Any CPU
		{56AFD09F-2042-485F-9869-5465E7F69E46}.Debug|x86.ActiveCfg = Debug|Any CPU
		{56AFD09F-2042-485F-9869-5465E7F69E46}.Debug|x86.Build.0 = Debug|Any CPU
		{56AFD09F-2042-485F-9869-5465E7F69E46}.Release|Any CPU.ActiveCfg = Release|Any CPU
		{56AFD09F-2042-485F-9869-5465E7F69E46}.Release|Any CPU.Build.0 = Release|Any CPU
		{56AFD09F-2042-485F-9869-5465E7F69E46}.Release|x64.ActiveCfg = Release|Any CPU
		{56AFD09F-2042-485F-9869-5465E7F69E46}.Release|x64.Build.0 = Release|Any CPU
		{56AFD09F-2042-485F-9869-5465E7F69E46}.Release|x86.ActiveCfg = Release|Any CPU
		{56AFD09F-2042-485F-9869-5465E7F69E46}.Release|x86.Build.0 = Release|Any CPU
	EndGlobalSection
	GlobalSection(SolutionProperties) = preSolution
		HideSolutionNode = FALSE
	EndGlobalSection
	GlobalSection(NestedProjects) = preSolution
		{8C241820-C88A-41AF-A420-3261786FBB8F} = {D0C490EE-0ACE-45C9-B592-342BB7F79A7C}
		{441B5D77-7F84-4A41-B965-C4CD8514F7AA} = {D0C490EE-0ACE-45C9-B592-342BB7F79A7C}
		{6A1E0414-7823-4897-BFB6-2548854E5F93} = {D0C490EE-0ACE-45C9-B592-342BB7F79A7C}
		{9159953B-7CE9-4389-9E12-AEF47390E743} = {D0C490EE-0ACE-45C9-B592-342BB7F79A7C}
		{E6B00C8F-5A28-4664-B8F7-631BB7A971D0} = {D0C490EE-0ACE-45C9-B592-342BB7F79A7C}
		{47D23986-D30F-4133-8158-9035E9756150} = {D0C490EE-0ACE-45C9-B592-342BB7F79A7C}
		{B8171F2F-9EB3-4B6D-9103-560E733C71EC} = {D0C490EE-0ACE-45C9-B592-342BB7F79A7C}
		{A1B2C3D4-E5F6-7890-ABCD-EF1234567890} = {D0C490EE-0ACE-45C9-B592-342BB7F79A7C}
		{CBE79B89-A199-4A9C-A2FF-8DEAC7288F0A} = {70566D49-9AF4-40FA-A1B1-6AF8A81B21E1}
		{9EAEF31B-2A93-4B36-A19C-E9E311ECB072} = {70566D49-9AF4-40FA-A1B1-6AF8A81B21E1}
		{EDCC6243-9884-40F9-B1EB-B3906FFAC058} = {70566D49-9AF4-40FA-A1B1-6AF8A81B21E1}
		{F1E2D3C4-B5A6-9078-DCBA-FE0987654321} = {70566D49-9AF4-40FA-A1B1-6AF8A81B21E1}
		{874FE61C-526D-4B8F-A5B7-736FA9408CB6} = {8AC72884-D6CE-9C06-F2FC-60C61972EEB5}
		{18815A29-6A10-4ADE-AE43-228C4CB33D29} = {70566D49-9AF4-40FA-A1B1-6AF8A81B21E1}
		{8D665B76-187E-4A99-93B6-414529566C54} = {8AC72884-D6CE-9C06-F2FC-60C61972EEB5}
		{5EC2BE91-8C2C-4D1F-BF17-BAC591119FEE} = {70566D49-9AF4-40FA-A1B1-6AF8A81B21E1}
		{6AAFAA8E-B702-43D9-9A74-1084BA64F3A4} = {8AC72884-D6CE-9C06-F2FC-60C61972EEB5}
		{56AFD09F-2042-485F-9869-5465E7F69E46} = {70566D49-9AF4-40FA-A1B1-6AF8A81B21E1}
	EndGlobalSection
EndGlobal
